PODS:
  - Bolts (1.1.2)
  - Facebook-iOS-SDK (3.14.1):
    - Bolts
  - FMDB (2.2):
    - FMDB/standard (= 2.2)
  - FMDB/common (2.2)
  - FMDB/standard (2.2):
    - FMDB/common
  - FRBSwatchist (1.0.0)

DEPENDENCIES:
  - Facebook-iOS-SDK
  - FMDB
  - FRBSwatchist (from `https://github.com/bradzeis/FRBSwatchist`)

EXTERNAL SOURCES:
  FRBSwatchist:
    :git: https://github.com/bradzeis/FRBSwatchist

SPEC CHECKSUMS:
  Bolts: c3d6ab263e41ee59dae21881c021dc90b12434ff
  Facebook-iOS-SDK: 2948301ff993744c3c931d1ba46fa4a5bd60a687
  FMDB: 0678cab3b024ea6a2e6ea5dd91fc8eb9a296bf57
  FRBSwatchist: 1a7d91ee01812c17c6f2e2e153f840bfee0875e2

COCOAPODS: 0.38.2
