PODS:
  - Bolts (1.1.2)
  - Facebook-iOS-SDK (3.14.1):
    - Bolts
  - FMDB (2.2):
    - FMDB/standard
  - FMDB/common (2.2)
  - FMDB/standard (2.2):
    - FMDB/common
  - FRBSwatchist (1.0.0)
  - TestFlightSDK (3.0.2)

DEPENDENCIES:
  - Facebook-iOS-SDK
  - FMDB
  - FRBSwatchist (from `https://github.com/bradzeis/FRBSwatchist`)
  - TestFlightSDK

EXTERNAL SOURCES:
  FRBSwatchist:
    :git: https://github.com/bradzeis/FRBSwatchist

SPEC CHECKSUMS:
  Bolts: 2635e8698a630774689441047f3465d78c48d485
  Facebook-iOS-SDK: e9b3d5ac54ee3e5e693f4eef470b97911b3d076d
  FMDB: f6f4511ad1e9ace38e9b6f4d83c2cddaabf98ea6
  FRBSwatchist: bc312d54f3343366a4d03629864b316711e1cad1
  TestFlightSDK: 0c24c533748d0d84bfe7a3cb6036fa79124d84ee

COCOAPODS: 0.33.1
