PODS:
  - FMDB (2.2):
    - FMDB/standard
  - FMDB/common (2.2)
  - FMDB/standard (2.2):
    - FMDB/common
  - FRBSwatchist (1.0.0)

DEPENDENCIES:
  - FMDB
  - FRBSwatchist (from `https://github.com/bradzeis/FRBSwatchist`)

EXTERNAL SOURCES:
  FRBSwatchist:
    :git: https://github.com/bradzeis/FRBSwatchist

SPEC CHECKSUMS:
  FMDB: 97472cfacf0d9e445e915704fb43b4b142799c36
  FRBSwatchist: bc312d54f3343366a4d03629864b316711e1cad1

COCOAPODS: 0.29.0
