// !$*UTF8*$!
{
	archiveVersion = 1;
	classes = {
	};
	objectVersion = 46;
	objects = {

/* Begin PBXBuildFile section */
		A9039FFB1858D579002AEB37 /* DRPPageEtCeteraViewController.m in Sources */ = {isa = PBXBuildFile; fileRef = A9039FFA1858D579002AEB37 /* DRPPageEtCeteraViewController.m */; };
		A91C045818557C03002B6899 /* page.plist in Copy Swatches */ = {isa = PBXBuildFile; fileRef = A91C045618557B6A002B6899 /* page.plist */; };
		A91C045F185582DC002B6899 /* DRPCueKeeper.m in Sources */ = {isa = PBXBuildFile; fileRef = A91C045E185582DC002B6899 /* DRPCueKeeper.m */; };
		A91D8F49183702EE00BEC6E8 /* Foundation.framework in Frameworks */ = {isa = PBXBuildFile; fileRef = A91D8F48183702EE00BEC6E8 /* Foundation.framework */; };
		A91D8F4B183702EE00BEC6E8 /* CoreGraphics.framework in Frameworks */ = {isa = PBXBuildFile; fileRef = A91D8F4A183702EE00BEC6E8 /* CoreGraphics.framework */; };
		A91D8F4D183702EE00BEC6E8 /* UIKit.framework in Frameworks */ = {isa = PBXBuildFile; fileRef = A91D8F4C183702EE00BEC6E8 /* UIKit.framework */; };
		A91D8F53183702EE00BEC6E8 /* InfoPlist.strings in Resources */ = {isa = PBXBuildFile; fileRef = A91D8F51183702EE00BEC6E8 /* InfoPlist.strings */; };
		A91D8F55183702EE00BEC6E8 /* main.m in Sources */ = {isa = PBXBuildFile; fileRef = A91D8F54183702EE00BEC6E8 /* main.m */; };
		A91D8F59183702EE00BEC6E8 /* DRPAppDelegate.m in Sources */ = {isa = PBXBuildFile; fileRef = A91D8F58183702EE00BEC6E8 /* DRPAppDelegate.m */; };
		A91D8F5B183702EE00BEC6E8 /* Images.xcassets in Resources */ = {isa = PBXBuildFile; fileRef = A91D8F5A183702EE00BEC6E8 /* Images.xcassets */; };
		A920405218370467006940B8 /* Security.framework in Frameworks */ = {isa = PBXBuildFile; fileRef = A920405118370467006940B8 /* Security.framework */; };
		A920405C18370BA0006940B8 /* DRPPosition.m in Sources */ = {isa = PBXBuildFile; fileRef = A920405B18370BA0006940B8 /* DRPPosition.m */; };
		A9239C6418844C5100F8E07B /* debug.plist in Copy Swatches */ = {isa = PBXBuildFile; fileRef = A9239C6218844C2F00F8E07B /* debug.plist */; };
		A9323D281878BA650045287A /* board.plist in Copy Swatches */ = {isa = PBXBuildFile; fileRef = A9323D261878BA4F0045287A /* board.plist */; };
		A93D77C618566A8F006691AE /* DRPPageMatchmakerViewController.m in Sources */ = {isa = PBXBuildFile; fileRef = A93D77C518566A8F006691AE /* DRPPageMatchmakerViewController.m */; };
		A93D77CC185673EF006691AE /* DRPPageSplashViewController.m in Sources */ = {isa = PBXBuildFile; fileRef = A93D77CB185673EF006691AE /* DRPPageSplashViewController.m */; };
		A93D77CF18567D4B006691AE /* DRPPageLogInViewController.m in Sources */ = {isa = PBXBuildFile; fileRef = A93D77CE18567D4B006691AE /* DRPPageLogInViewController.m */; };
		A93E9F29184AAC3B0047575A /* DRPMainViewController.m in Sources */ = {isa = PBXBuildFile; fileRef = A93E9F28184AAC3B0047575A /* DRPMainViewController.m */; };
		A959500718A3F33D006B42DA /* DRPMenuCollectionViewCell.m in Sources */ = {isa = PBXBuildFile; fileRef = A959500618A3F33D006B42DA /* DRPMenuCollectionViewCell.m */; };
		A959500A18A3F74D006B42DA /* list.plist in Copy Swatches */ = {isa = PBXBuildFile; fileRef = A959500818A3F514006B42DA /* list.plist */; };
		A95BB48D18372D9C00B7A9A8 /* DRPMatch.m in Sources */ = {isa = PBXBuildFile; fileRef = A95BB48C18372D9C00B7A9A8 /* DRPMatch.m */; };
		A95BB49418372DA800B7A9A8 /* DRPBoard.m in Sources */ = {isa = PBXBuildFile; fileRef = A95BB48F18372DA800B7A9A8 /* DRPBoard.m */; };
		A95BB49618372DA800B7A9A8 /* DRPCharacter.m in Sources */ = {isa = PBXBuildFile; fileRef = A95BB49318372DA800B7A9A8 /* DRPCharacter.m */; };
		A95C321B184BDD3200ECC3D4 /* DRPPageDataSource.m in Sources */ = {isa = PBXBuildFile; fileRef = A95C321A184BDD3200ECC3D4 /* DRPPageDataSource.m */; };
		A960B1FE18A749E6002B89FA /* logo.png in Resources */ = {isa = PBXBuildFile; fileRef = A960B1FD18A749E6002B89FA /* logo.png */; };
		A9801A3A18774A9A0024B2A1 /* DRPMatchHeaderViewController.m in Sources */ = {isa = PBXBuildFile; fileRef = A9801A3918774A990024B2A1 /* DRPMatchHeaderViewController.m */; };
		A9813324186BC00300FC3277 /* DRPCurrentWordView.m in Sources */ = {isa = PBXBuildFile; fileRef = A9813323186BC00300FC3277 /* DRPCurrentWordView.m */; };
		A9813327186DFBA100FC3277 /* DRPGreedyScrollView.m in Sources */ = {isa = PBXBuildFile; fileRef = A9813326186DFBA100FC3277 /* DRPGreedyScrollView.m */; };
		A997F00918A446FA0007E7E5 /* under_construction.png in Resources */ = {isa = PBXBuildFile; fileRef = A997F00818A446FA0007E7E5 /* under_construction.png */; };
		A99D97D318490C8300208FA0 /* DRPPlayer.m in Sources */ = {isa = PBXBuildFile; fileRef = A99D97D218490C8300208FA0 /* DRPPlayer.m */; };
		A99EAF1D1876603E00DAD44F /* DRPMatchPlayerView.m in Sources */ = {isa = PBXBuildFile; fileRef = A99EAF1C1876603E00DAD44F /* DRPMatchPlayerView.m */; };
		A9A485D1185627B00080A4B5 /* Centrale Sans Light.otf in Resources */ = {isa = PBXBuildFile; fileRef = A9A485CF185627B00080A4B5 /* Centrale Sans Light.otf */; };
		A9A485D2185627B00080A4B5 /* Centrale Sans Medium.otf in Resources */ = {isa = PBXBuildFile; fileRef = A9A485D0185627B00080A4B5 /* Centrale Sans Medium.otf */; };
		A9A9D5C11850ED5F0024E7D4 /* DRPPageListViewController.m in Sources */ = {isa = PBXBuildFile; fileRef = A9A9D5BE1850ED5F0024E7D4 /* DRPPageListViewController.m */; };
		A9A9D5C21850ED5F0024E7D4 /* DRPPageViewController.m in Sources */ = {isa = PBXBuildFile; fileRef = A9A9D5C01850ED5F0024E7D4 /* DRPPageViewController.m */; };
		A9AC496218539E97006E1D84 /* animation.plist in Copy Swatches */ = {isa = PBXBuildFile; fileRef = A9AC495F18539E44006E1D84 /* animation.plist */; };
		A9ACB3C81883688500B0B9D9 /* DRPCollectionViewDataSource.m in Sources */ = {isa = PBXBuildFile; fileRef = A9ACB3C71883688500B0B9D9 /* DRPCollectionViewDataSource.m */; };
		A9ACB3CB1883740600B0B9D9 /* DRPCollectionViewLayout.m in Sources */ = {isa = PBXBuildFile; fileRef = A9ACB3CA1883740600B0B9D9 /* DRPCollectionViewLayout.m */; };
		A9ACB3CF18838B0B00B0B9D9 /* DRPMatchCollectionViewCell.m in Sources */ = {isa = PBXBuildFile; fileRef = A9ACB3CE18838B0B00B0B9D9 /* DRPMatchCollectionViewCell.m */; };
		A9B1206F1857F8CE0079BF72 /* DRPCueIndicatorView.m in Sources */ = {isa = PBXBuildFile; fileRef = A9B1206E1857F8CE0079BF72 /* DRPCueIndicatorView.m */; };
		A9B1C07E184CFCC100866029 /* DRPDropTransition.m in Sources */ = {isa = PBXBuildFile; fileRef = A9B1C07B184CFCC100866029 /* DRPDropTransition.m */; };
		A9B1C082184CFCDE00866029 /* DRPTransition.m in Sources */ = {isa = PBXBuildFile; fileRef = A9B1C081184CFCDE00866029 /* DRPTransition.m */; };
		A9B1C085184D042100866029 /* DRPLiftTransition.m in Sources */ = {isa = PBXBuildFile; fileRef = A9B1C084184D042100866029 /* DRPLiftTransition.m */; };
		A9C0FACC1864DB0A00377B0E /* DRPPageMatchViewController.m in Sources */ = {isa = PBXBuildFile; fileRef = A9C0FACB1864DB0A00377B0E /* DRPPageMatchViewController.m */; };
		A9C0FACF1864DE7700377B0E /* DRPBoardViewController.m in Sources */ = {isa = PBXBuildFile; fileRef = A9C0FACE1864DE7700377B0E /* DRPBoardViewController.m */; };
		A9C0FAD21864F63700377B0E /* colors.plist in Copy Swatches */ = {isa = PBXBuildFile; fileRef = A9C0FAD01864F53700377B0E /* colors.plist */; };
		A9C0FAD61864F6FC00377B0E /* DRPUtility.m in Sources */ = {isa = PBXBuildFile; fileRef = A9C0FAD51864F6FC00377B0E /* DRPUtility.m */; };
		A9C0FAD9186507EC00377B0E /* NSArray+Mutable.m in Sources */ = {isa = PBXBuildFile; fileRef = A9C0FAD8186507EC00377B0E /* NSArray+Mutable.m */; };
		A9C7BBB218395DFD003F585F /* DRPCharacterHistogram.m in Sources */ = {isa = PBXBuildFile; fileRef = A9C7BBB118395DFD003F585F /* DRPCharacterHistogram.m */; };
		A9C947F0189AC0B900FF69C2 /* DRPMatchCurrentWordViewController.m in Sources */ = {isa = PBXBuildFile; fileRef = A9C947EF189AC0B900FF69C2 /* DRPMatchCurrentWordViewController.m */; };
		A9D127B71837E0B40048AF25 /* DRPPlayedWord.m in Sources */ = {isa = PBXBuildFile; fileRef = A9D127B61837E0B40048AF25 /* DRPPlayedWord.m */; };
		A9D1D5C118AD27F200F088D4 /* DRPPageCollectionViewController.m in Sources */ = {isa = PBXBuildFile; fileRef = A9D1D5C018AD27F200F088D4 /* DRPPageCollectionViewController.m */; };
		A9D1D5C418AD2E1300F088D4 /* DRPCollectionDataItem.m in Sources */ = {isa = PBXBuildFile; fileRef = A9D1D5C318AD2E1300F088D4 /* DRPCollectionDataItem.m */; };
		A9D1D5C718AD35B700F088D4 /* DRPCollectionViewCell.m in Sources */ = {isa = PBXBuildFile; fileRef = A9D1D5C618AD35B700F088D4 /* DRPCollectionViewCell.m */; };
		A9E27CBF1857AE210043F6A9 /* DRPTileView.m in Sources */ = {isa = PBXBuildFile; fileRef = A9E27CBE1857AE210043F6A9 /* DRPTileView.m */; };
		A9E27CC11857AFBC0043F6A9 /* Rokkitt.otf in Resources */ = {isa = PBXBuildFile; fileRef = A9E27CC01857AFBC0043F6A9 /* Rokkitt.otf */; };
		A9E27CC61857B6170043F6A9 /* tileOffset.plist in Copy Swatches */ = {isa = PBXBuildFile; fileRef = A9E27CC21857B4290043F6A9 /* tileOffset.plist */; };
		A9E27CC81857B6250043F6A9 /* tileScalingOffset.plist in Copy Swatches */ = {isa = PBXBuildFile; fileRef = A9E27CC41857B6080043F6A9 /* tileScalingOffset.plist */; };
		A9E4A44A18CBE8420085CA57 /* DRPNetworking.m in Sources */ = {isa = PBXBuildFile; fileRef = A9E4A44918CBE8420085CA57 /* DRPNetworking.m */; };
		A9E4A44D18CD09310085CA57 /* en-us.db in Copy Word Databases */ = {isa = PBXBuildFile; fileRef = A9E4A44B18CD09110085CA57 /* en-us.db */; };
		C024DF7918370AC300B5775B /* DRPDictionary.m in Sources */ = {isa = PBXBuildFile; fileRef = C024DF7818370AC300B5775B /* DRPDictionary.m */; };
		F4E61295ABFC46CDBE1384F1 /* libPods.a in Frameworks */ = {isa = PBXBuildFile; fileRef = CA523B0D421443AAA174ECE1 /* libPods.a */; };
/* End PBXBuildFile section */

/* Begin PBXCopyFilesBuildPhase section */
		A9AC496118539E8E006E1D84 /* Copy Swatches */ = {
			isa = PBXCopyFilesBuildPhase;
			buildActionMask = 2147483647;
			dstPath = Swatches;
			dstSubfolderSpec = 7;
			files = (
				A9AC496218539E97006E1D84 /* animation.plist in Copy Swatches */,
				A9323D281878BA650045287A /* board.plist in Copy Swatches */,
				A9C0FAD21864F63700377B0E /* colors.plist in Copy Swatches */,
				A9239C6418844C5100F8E07B /* debug.plist in Copy Swatches */,
				A959500A18A3F74D006B42DA /* list.plist in Copy Swatches */,
				A91C045818557C03002B6899 /* page.plist in Copy Swatches */,
				A9E27CC61857B6170043F6A9 /* tileOffset.plist in Copy Swatches */,
				A9E27CC81857B6250043F6A9 /* tileScalingOffset.plist in Copy Swatches */,
			);
			name = "Copy Swatches";
			runOnlyForDeploymentPostprocessing = 0;
		};
		C08CBC1918371B1E00CE678F /* Copy Word Databases */ = {
			isa = PBXCopyFilesBuildPhase;
			buildActionMask = 2147483647;
			dstPath = Database;
			dstSubfolderSpec = 7;
			files = (
				A9E4A44D18CD09310085CA57 /* en-us.db in Copy Word Databases */,
			);
			name = "Copy Word Databases";
			runOnlyForDeploymentPostprocessing = 0;
		};
/* End PBXCopyFilesBuildPhase section */

/* Begin PBXFileReference section */
		A9039FF91858D579002AEB37 /* DRPPageEtCeteraViewController.h */ = {isa = PBXFileReference; fileEncoding = 4; lastKnownFileType = sourcecode.c.h; name = DRPPageEtCeteraViewController.h; path = ViewControllers/Pages/DRPPageEtCeteraViewController.h; sourceTree = "<group>"; };
		A9039FFA1858D579002AEB37 /* DRPPageEtCeteraViewController.m */ = {isa = PBXFileReference; fileEncoding = 4; lastKnownFileType = sourcecode.c.objc; name = DRPPageEtCeteraViewController.m; path = ViewControllers/Pages/DRPPageEtCeteraViewController.m; sourceTree = "<group>"; };
		A91C045618557B6A002B6899 /* page.plist */ = {isa = PBXFileReference; fileEncoding = 4; lastKnownFileType = text.plist.xml; name = page.plist; path = Swatches/page.plist; sourceTree = "<group>"; };
		A91C045D185582DC002B6899 /* DRPCueKeeper.h */ = {isa = PBXFileReference; fileEncoding = 4; lastKnownFileType = sourcecode.c.h; name = DRPCueKeeper.h; path = ViewControllers/DRPCueKeeper.h; sourceTree = "<group>"; };
		A91C045E185582DC002B6899 /* DRPCueKeeper.m */ = {isa = PBXFileReference; fileEncoding = 4; lastKnownFileType = sourcecode.c.objc; name = DRPCueKeeper.m; path = ViewControllers/DRPCueKeeper.m; sourceTree = "<group>"; };
		A91D8F45183702EE00BEC6E8 /* Dropped.app */ = {isa = PBXFileReference; explicitFileType = wrapper.application; includeInIndex = 0; path = Dropped.app; sourceTree = BUILT_PRODUCTS_DIR; };
		A91D8F48183702EE00BEC6E8 /* Foundation.framework */ = {isa = PBXFileReference; lastKnownFileType = wrapper.framework; name = Foundation.framework; path = System/Library/Frameworks/Foundation.framework; sourceTree = SDKROOT; };
		A91D8F4A183702EE00BEC6E8 /* CoreGraphics.framework */ = {isa = PBXFileReference; lastKnownFileType = wrapper.framework; name = CoreGraphics.framework; path = System/Library/Frameworks/CoreGraphics.framework; sourceTree = SDKROOT; };
		A91D8F4C183702EE00BEC6E8 /* UIKit.framework */ = {isa = PBXFileReference; lastKnownFileType = wrapper.framework; name = UIKit.framework; path = System/Library/Frameworks/UIKit.framework; sourceTree = SDKROOT; };
		A91D8F50183702EE00BEC6E8 /* Dropped-Info.plist */ = {isa = PBXFileReference; lastKnownFileType = text.plist.xml; path = "Dropped-Info.plist"; sourceTree = "<group>"; };
		A91D8F52183702EE00BEC6E8 /* en */ = {isa = PBXFileReference; lastKnownFileType = text.plist.strings; name = en; path = en.lproj/InfoPlist.strings; sourceTree = "<group>"; };
		A91D8F54183702EE00BEC6E8 /* main.m */ = {isa = PBXFileReference; lastKnownFileType = sourcecode.c.objc; path = main.m; sourceTree = "<group>"; };
		A91D8F56183702EE00BEC6E8 /* Dropped-Prefix.pch */ = {isa = PBXFileReference; lastKnownFileType = sourcecode.c.h; path = "Dropped-Prefix.pch"; sourceTree = "<group>"; };
		A91D8F57183702EE00BEC6E8 /* DRPAppDelegate.h */ = {isa = PBXFileReference; lastKnownFileType = sourcecode.c.h; path = DRPAppDelegate.h; sourceTree = "<group>"; };
		A91D8F58183702EE00BEC6E8 /* DRPAppDelegate.m */ = {isa = PBXFileReference; lastKnownFileType = sourcecode.c.objc; path = DRPAppDelegate.m; sourceTree = "<group>"; };
		A91D8F5A183702EE00BEC6E8 /* Images.xcassets */ = {isa = PBXFileReference; lastKnownFileType = folder.assetcatalog; path = Images.xcassets; sourceTree = "<group>"; };
		A91D8F61183702EE00BEC6E8 /* XCTest.framework */ = {isa = PBXFileReference; lastKnownFileType = wrapper.framework; name = XCTest.framework; path = Library/Frameworks/XCTest.framework; sourceTree = DEVELOPER_DIR; };
		A920405118370467006940B8 /* Security.framework */ = {isa = PBXFileReference; lastKnownFileType = wrapper.framework; name = Security.framework; path = System/Library/Frameworks/Security.framework; sourceTree = SDKROOT; };
		A920405A18370BA0006940B8 /* DRPPosition.h */ = {isa = PBXFileReference; fileEncoding = 4; lastKnownFileType = sourcecode.c.h; name = DRPPosition.h; path = Models/DRPPosition.h; sourceTree = "<group>"; };
		A920405B18370BA0006940B8 /* DRPPosition.m */ = {isa = PBXFileReference; fileEncoding = 4; lastKnownFileType = sourcecode.c.objc; name = DRPPosition.m; path = Models/DRPPosition.m; sourceTree = "<group>"; };
		A9239C6218844C2F00F8E07B /* debug.plist */ = {isa = PBXFileReference; fileEncoding = 4; lastKnownFileType = text.plist.xml; name = debug.plist; path = Swatches/debug.plist; sourceTree = "<group>"; };
		A9323D261878BA4F0045287A /* board.plist */ = {isa = PBXFileReference; fileEncoding = 4; lastKnownFileType = text.plist.xml; name = board.plist; path = Swatches/board.plist; sourceTree = "<group>"; };
		A93D77C418566A8F006691AE /* DRPPageMatchmakerViewController.h */ = {isa = PBXFileReference; fileEncoding = 4; lastKnownFileType = sourcecode.c.h; name = DRPPageMatchmakerViewController.h; path = ViewControllers/Pages/DRPPageMatchmakerViewController.h; sourceTree = "<group>"; };
		A93D77C518566A8F006691AE /* DRPPageMatchmakerViewController.m */ = {isa = PBXFileReference; fileEncoding = 4; lastKnownFileType = sourcecode.c.objc; name = DRPPageMatchmakerViewController.m; path = ViewControllers/Pages/DRPPageMatchmakerViewController.m; sourceTree = "<group>"; };
		A93D77CA185673EF006691AE /* DRPPageSplashViewController.h */ = {isa = PBXFileReference; fileEncoding = 4; lastKnownFileType = sourcecode.c.h; name = DRPPageSplashViewController.h; path = ViewControllers/Pages/DRPPageSplashViewController.h; sourceTree = "<group>"; };
		A93D77CB185673EF006691AE /* DRPPageSplashViewController.m */ = {isa = PBXFileReference; fileEncoding = 4; lastKnownFileType = sourcecode.c.objc; name = DRPPageSplashViewController.m; path = ViewControllers/Pages/DRPPageSplashViewController.m; sourceTree = "<group>"; };
		A93D77CD18567D4B006691AE /* DRPPageLogInViewController.h */ = {isa = PBXFileReference; fileEncoding = 4; lastKnownFileType = sourcecode.c.h; name = DRPPageLogInViewController.h; path = ViewControllers/Pages/DRPPageLogInViewController.h; sourceTree = "<group>"; };
		A93D77CE18567D4B006691AE /* DRPPageLogInViewController.m */ = {isa = PBXFileReference; fileEncoding = 4; lastKnownFileType = sourcecode.c.objc; name = DRPPageLogInViewController.m; path = ViewControllers/Pages/DRPPageLogInViewController.m; sourceTree = "<group>"; };
		A93E9F27184AAC3B0047575A /* DRPMainViewController.h */ = {isa = PBXFileReference; fileEncoding = 4; lastKnownFileType = sourcecode.c.h; name = DRPMainViewController.h; path = ViewControllers/DRPMainViewController.h; sourceTree = "<group>"; };
		A93E9F28184AAC3B0047575A /* DRPMainViewController.m */ = {isa = PBXFileReference; fileEncoding = 4; lastKnownFileType = sourcecode.c.objc; name = DRPMainViewController.m; path = ViewControllers/DRPMainViewController.m; sourceTree = "<group>"; };
		A959500518A3F33D006B42DA /* DRPMenuCollectionViewCell.h */ = {isa = PBXFileReference; fileEncoding = 4; lastKnownFileType = sourcecode.c.h; name = DRPMenuCollectionViewCell.h; path = Views/DRPMenuCollectionViewCell.h; sourceTree = "<group>"; };
		A959500618A3F33D006B42DA /* DRPMenuCollectionViewCell.m */ = {isa = PBXFileReference; fileEncoding = 4; lastKnownFileType = sourcecode.c.objc; name = DRPMenuCollectionViewCell.m; path = Views/DRPMenuCollectionViewCell.m; sourceTree = "<group>"; };
		A959500818A3F514006B42DA /* list.plist */ = {isa = PBXFileReference; fileEncoding = 4; lastKnownFileType = text.plist.xml; name = list.plist; path = Swatches/list.plist; sourceTree = "<group>"; };
		A95BB48B18372D9C00B7A9A8 /* DRPMatch.h */ = {isa = PBXFileReference; fileEncoding = 4; lastKnownFileType = sourcecode.c.h; name = DRPMatch.h; path = Models/DRPMatch.h; sourceTree = "<group>"; };
		A95BB48C18372D9C00B7A9A8 /* DRPMatch.m */ = {isa = PBXFileReference; fileEncoding = 4; lastKnownFileType = sourcecode.c.objc; name = DRPMatch.m; path = Models/DRPMatch.m; sourceTree = "<group>"; };
		A95BB48E18372DA800B7A9A8 /* DRPBoard.h */ = {isa = PBXFileReference; fileEncoding = 4; lastKnownFileType = sourcecode.c.h; name = DRPBoard.h; path = Models/DRPBoard.h; sourceTree = "<group>"; };
		A95BB48F18372DA800B7A9A8 /* DRPBoard.m */ = {isa = PBXFileReference; fileEncoding = 4; lastKnownFileType = sourcecode.c.objc; name = DRPBoard.m; path = Models/DRPBoard.m; sourceTree = "<group>"; };
		A95BB49218372DA800B7A9A8 /* DRPCharacter.h */ = {isa = PBXFileReference; fileEncoding = 4; lastKnownFileType = sourcecode.c.h; name = DRPCharacter.h; path = Models/DRPCharacter.h; sourceTree = "<group>"; };
		A95BB49318372DA800B7A9A8 /* DRPCharacter.m */ = {isa = PBXFileReference; fileEncoding = 4; lastKnownFileType = sourcecode.c.objc; name = DRPCharacter.m; path = Models/DRPCharacter.m; sourceTree = "<group>"; };
		A95C3219184BDD3200ECC3D4 /* DRPPageDataSource.h */ = {isa = PBXFileReference; fileEncoding = 4; lastKnownFileType = sourcecode.c.h; name = DRPPageDataSource.h; path = ViewControllers/DRPPageDataSource.h; sourceTree = "<group>"; };
		A95C321A184BDD3200ECC3D4 /* DRPPageDataSource.m */ = {isa = PBXFileReference; fileEncoding = 4; lastKnownFileType = sourcecode.c.objc; name = DRPPageDataSource.m; path = ViewControllers/DRPPageDataSource.m; sourceTree = "<group>"; };
		A960B1FD18A749E6002B89FA /* logo.png */ = {isa = PBXFileReference; lastKnownFileType = image.png; path = logo.png; sourceTree = "<group>"; };
		A9801A3818774A990024B2A1 /* DRPMatchHeaderViewController.h */ = {isa = PBXFileReference; fileEncoding = 4; lastKnownFileType = sourcecode.c.h; name = DRPMatchHeaderViewController.h; path = ViewControllers/Pages/DRPMatchHeaderViewController.h; sourceTree = "<group>"; };
		A9801A3918774A990024B2A1 /* DRPMatchHeaderViewController.m */ = {isa = PBXFileReference; fileEncoding = 4; lastKnownFileType = sourcecode.c.objc; name = DRPMatchHeaderViewController.m; path = ViewControllers/Pages/DRPMatchHeaderViewController.m; sourceTree = "<group>"; };
		A9813322186BC00300FC3277 /* DRPCurrentWordView.h */ = {isa = PBXFileReference; fileEncoding = 4; lastKnownFileType = sourcecode.c.h; name = DRPCurrentWordView.h; path = Views/DRPCurrentWordView.h; sourceTree = "<group>"; };
		A9813323186BC00300FC3277 /* DRPCurrentWordView.m */ = {isa = PBXFileReference; fileEncoding = 4; lastKnownFileType = sourcecode.c.objc; name = DRPCurrentWordView.m; path = Views/DRPCurrentWordView.m; sourceTree = "<group>"; };
		A9813325186DFBA100FC3277 /* DRPGreedyScrollView.h */ = {isa = PBXFileReference; fileEncoding = 4; lastKnownFileType = sourcecode.c.h; name = DRPGreedyScrollView.h; path = Views/DRPGreedyScrollView.h; sourceTree = "<group>"; };
		A9813326186DFBA100FC3277 /* DRPGreedyScrollView.m */ = {isa = PBXFileReference; fileEncoding = 4; lastKnownFileType = sourcecode.c.objc; name = DRPGreedyScrollView.m; path = Views/DRPGreedyScrollView.m; sourceTree = "<group>"; };
		A997F00818A446FA0007E7E5 /* under_construction.png */ = {isa = PBXFileReference; lastKnownFileType = image.png; path = under_construction.png; sourceTree = "<group>"; };
		A99B627218989BB500906CD5 /* debugMatches.plist */ = {isa = PBXFileReference; fileEncoding = 4; lastKnownFileType = text.plist.xml; name = debugMatches.plist; path = Swatches/debugMatches.plist; sourceTree = "<group>"; };
		A99D97D118490C8300208FA0 /* DRPPlayer.h */ = {isa = PBXFileReference; fileEncoding = 4; lastKnownFileType = sourcecode.c.h; name = DRPPlayer.h; path = Models/DRPPlayer.h; sourceTree = "<group>"; };
		A99D97D218490C8300208FA0 /* DRPPlayer.m */ = {isa = PBXFileReference; fileEncoding = 4; lastKnownFileType = sourcecode.c.objc; name = DRPPlayer.m; path = Models/DRPPlayer.m; sourceTree = "<group>"; };
		A99EAF1B1876603E00DAD44F /* DRPMatchPlayerView.h */ = {isa = PBXFileReference; fileEncoding = 4; lastKnownFileType = sourcecode.c.h; name = DRPMatchPlayerView.h; path = Views/DRPMatchPlayerView.h; sourceTree = "<group>"; };
		A99EAF1C1876603E00DAD44F /* DRPMatchPlayerView.m */ = {isa = PBXFileReference; fileEncoding = 4; lastKnownFileType = sourcecode.c.objc; name = DRPMatchPlayerView.m; path = Views/DRPMatchPlayerView.m; sourceTree = "<group>"; };
		A9A485CF185627B00080A4B5 /* Centrale Sans Light.otf */ = {isa = PBXFileReference; lastKnownFileType = file; name = "Centrale Sans Light.otf"; path = "Fonts/Centrale Sans Light.otf"; sourceTree = "<group>"; };
		A9A485D0185627B00080A4B5 /* Centrale Sans Medium.otf */ = {isa = PBXFileReference; lastKnownFileType = file; name = "Centrale Sans Medium.otf"; path = "Fonts/Centrale Sans Medium.otf"; sourceTree = "<group>"; };
		A9A9D5BD1850ED5F0024E7D4 /* DRPPageListViewController.h */ = {isa = PBXFileReference; fileEncoding = 4; lastKnownFileType = sourcecode.c.h; name = DRPPageListViewController.h; path = ViewControllers/Pages/DRPPageListViewController.h; sourceTree = "<group>"; };
		A9A9D5BE1850ED5F0024E7D4 /* DRPPageListViewController.m */ = {isa = PBXFileReference; fileEncoding = 4; lastKnownFileType = sourcecode.c.objc; name = DRPPageListViewController.m; path = ViewControllers/Pages/DRPPageListViewController.m; sourceTree = "<group>"; };
		A9A9D5BF1850ED5F0024E7D4 /* DRPPageViewController.h */ = {isa = PBXFileReference; fileEncoding = 4; lastKnownFileType = sourcecode.c.h; name = DRPPageViewController.h; path = ViewControllers/Pages/DRPPageViewController.h; sourceTree = "<group>"; };
		A9A9D5C01850ED5F0024E7D4 /* DRPPageViewController.m */ = {isa = PBXFileReference; fileEncoding = 4; lastKnownFileType = sourcecode.c.objc; name = DRPPageViewController.m; path = ViewControllers/Pages/DRPPageViewController.m; sourceTree = "<group>"; };
		A9AC495F18539E44006E1D84 /* animation.plist */ = {isa = PBXFileReference; fileEncoding = 4; lastKnownFileType = text.plist.xml; name = animation.plist; path = Swatches/animation.plist; sourceTree = "<group>"; };
		A9ACB3C61883688500B0B9D9 /* DRPCollectionViewDataSource.h */ = {isa = PBXFileReference; fileEncoding = 4; lastKnownFileType = sourcecode.c.h; name = DRPCollectionViewDataSource.h; path = ViewControllers/Pages/DRPCollectionViewDataSource.h; sourceTree = "<group>"; };
		A9ACB3C71883688500B0B9D9 /* DRPCollectionViewDataSource.m */ = {isa = PBXFileReference; fileEncoding = 4; lastKnownFileType = sourcecode.c.objc; name = DRPCollectionViewDataSource.m; path = ViewControllers/Pages/DRPCollectionViewDataSource.m; sourceTree = "<group>"; };
		A9ACB3C91883740600B0B9D9 /* DRPCollectionViewLayout.h */ = {isa = PBXFileReference; fileEncoding = 4; lastKnownFileType = sourcecode.c.h; path = DRPCollectionViewLayout.h; sourceTree = "<group>"; };
		A9ACB3CA1883740600B0B9D9 /* DRPCollectionViewLayout.m */ = {isa = PBXFileReference; fileEncoding = 4; lastKnownFileType = sourcecode.c.objc; path = DRPCollectionViewLayout.m; sourceTree = "<group>"; };
		A9ACB3CD18838B0B00B0B9D9 /* DRPMatchCollectionViewCell.h */ = {isa = PBXFileReference; fileEncoding = 4; lastKnownFileType = sourcecode.c.h; name = DRPMatchCollectionViewCell.h; path = Views/DRPMatchCollectionViewCell.h; sourceTree = "<group>"; };
		A9ACB3CE18838B0B00B0B9D9 /* DRPMatchCollectionViewCell.m */ = {isa = PBXFileReference; fileEncoding = 4; lastKnownFileType = sourcecode.c.objc; name = DRPMatchCollectionViewCell.m; path = Views/DRPMatchCollectionViewCell.m; sourceTree = "<group>"; };
		A9B1206D1857F8CE0079BF72 /* DRPCueIndicatorView.h */ = {isa = PBXFileReference; fileEncoding = 4; lastKnownFileType = sourcecode.c.h; name = DRPCueIndicatorView.h; path = Views/DRPCueIndicatorView.h; sourceTree = "<group>"; };
		A9B1206E1857F8CE0079BF72 /* DRPCueIndicatorView.m */ = {isa = PBXFileReference; fileEncoding = 4; lastKnownFileType = sourcecode.c.objc; name = DRPCueIndicatorView.m; path = Views/DRPCueIndicatorView.m; sourceTree = "<group>"; };
		A9B1C07A184CFCC100866029 /* DRPDropTransition.h */ = {isa = PBXFileReference; fileEncoding = 4; lastKnownFileType = sourcecode.c.h; name = DRPDropTransition.h; path = ViewControllers/Transitions/DRPDropTransition.h; sourceTree = "<group>"; };
		A9B1C07B184CFCC100866029 /* DRPDropTransition.m */ = {isa = PBXFileReference; fileEncoding = 4; lastKnownFileType = sourcecode.c.objc; name = DRPDropTransition.m; path = ViewControllers/Transitions/DRPDropTransition.m; sourceTree = "<group>"; };
		A9B1C080184CFCDE00866029 /* DRPTransition.h */ = {isa = PBXFileReference; fileEncoding = 4; lastKnownFileType = sourcecode.c.h; name = DRPTransition.h; path = ViewControllers/Transitions/DRPTransition.h; sourceTree = "<group>"; };
		A9B1C081184CFCDE00866029 /* DRPTransition.m */ = {isa = PBXFileReference; fileEncoding = 4; lastKnownFileType = sourcecode.c.objc; name = DRPTransition.m; path = ViewControllers/Transitions/DRPTransition.m; sourceTree = "<group>"; };
		A9B1C083184D042100866029 /* DRPLiftTransition.h */ = {isa = PBXFileReference; fileEncoding = 4; lastKnownFileType = sourcecode.c.h; name = DRPLiftTransition.h; path = ViewControllers/Transitions/DRPLiftTransition.h; sourceTree = "<group>"; };
		A9B1C084184D042100866029 /* DRPLiftTransition.m */ = {isa = PBXFileReference; fileEncoding = 4; lastKnownFileType = sourcecode.c.objc; name = DRPLiftTransition.m; path = ViewControllers/Transitions/DRPLiftTransition.m; sourceTree = "<group>"; };
		A9C0FACA1864DB0A00377B0E /* DRPPageMatchViewController.h */ = {isa = PBXFileReference; fileEncoding = 4; lastKnownFileType = sourcecode.c.h; name = DRPPageMatchViewController.h; path = ViewControllers/Pages/DRPPageMatchViewController.h; sourceTree = "<group>"; };
		A9C0FACB1864DB0A00377B0E /* DRPPageMatchViewController.m */ = {isa = PBXFileReference; fileEncoding = 4; lastKnownFileType = sourcecode.c.objc; name = DRPPageMatchViewController.m; path = ViewControllers/Pages/DRPPageMatchViewController.m; sourceTree = "<group>"; };
		A9C0FACD1864DE7700377B0E /* DRPBoardViewController.h */ = {isa = PBXFileReference; fileEncoding = 4; lastKnownFileType = sourcecode.c.h; name = DRPBoardViewController.h; path = ViewControllers/Pages/DRPBoardViewController.h; sourceTree = "<group>"; };
		A9C0FACE1864DE7700377B0E /* DRPBoardViewController.m */ = {isa = PBXFileReference; fileEncoding = 4; lastKnownFileType = sourcecode.c.objc; name = DRPBoardViewController.m; path = ViewControllers/Pages/DRPBoardViewController.m; sourceTree = "<group>"; };
		A9C0FAD01864F53700377B0E /* colors.plist */ = {isa = PBXFileReference; fileEncoding = 4; lastKnownFileType = text.plist.xml; name = colors.plist; path = Swatches/colors.plist; sourceTree = "<group>"; };
		A9C0FAD41864F6FC00377B0E /* DRPUtility.h */ = {isa = PBXFileReference; fileEncoding = 4; lastKnownFileType = sourcecode.c.h; path = DRPUtility.h; sourceTree = "<group>"; };
		A9C0FAD51864F6FC00377B0E /* DRPUtility.m */ = {isa = PBXFileReference; fileEncoding = 4; lastKnownFileType = sourcecode.c.objc; path = DRPUtility.m; sourceTree = "<group>"; };
		A9C0FAD7186507EC00377B0E /* NSArray+Mutable.h */ = {isa = PBXFileReference; fileEncoding = 4; lastKnownFileType = sourcecode.c.h; path = "NSArray+Mutable.h"; sourceTree = "<group>"; };
		A9C0FAD8186507EC00377B0E /* NSArray+Mutable.m */ = {isa = PBXFileReference; fileEncoding = 4; lastKnownFileType = sourcecode.c.objc; path = "NSArray+Mutable.m"; sourceTree = "<group>"; };
		A9C7BBB018395DFD003F585F /* DRPCharacterHistogram.h */ = {isa = PBXFileReference; fileEncoding = 4; lastKnownFileType = sourcecode.c.h; name = DRPCharacterHistogram.h; path = Models/DRPCharacterHistogram.h; sourceTree = "<group>"; };
		A9C7BBB118395DFD003F585F /* DRPCharacterHistogram.m */ = {isa = PBXFileReference; fileEncoding = 4; lastKnownFileType = sourcecode.c.objc; name = DRPCharacterHistogram.m; path = Models/DRPCharacterHistogram.m; sourceTree = "<group>"; };
		A9C947EE189AC0B900FF69C2 /* DRPMatchCurrentWordViewController.h */ = {isa = PBXFileReference; fileEncoding = 4; lastKnownFileType = sourcecode.c.h; name = DRPMatchCurrentWordViewController.h; path = ViewControllers/Pages/DRPMatchCurrentWordViewController.h; sourceTree = "<group>"; };
		A9C947EF189AC0B900FF69C2 /* DRPMatchCurrentWordViewController.m */ = {isa = PBXFileReference; fileEncoding = 4; lastKnownFileType = sourcecode.c.objc; name = DRPMatchCurrentWordViewController.m; path = ViewControllers/Pages/DRPMatchCurrentWordViewController.m; sourceTree = "<group>"; };
		A9D127B51837E0B40048AF25 /* DRPPlayedWord.h */ = {isa = PBXFileReference; fileEncoding = 4; lastKnownFileType = sourcecode.c.h; name = DRPPlayedWord.h; path = Models/DRPPlayedWord.h; sourceTree = "<group>"; };
		A9D127B61837E0B40048AF25 /* DRPPlayedWord.m */ = {isa = PBXFileReference; fileEncoding = 4; lastKnownFileType = sourcecode.c.objc; name = DRPPlayedWord.m; path = Models/DRPPlayedWord.m; sourceTree = "<group>"; };
		A9D1D5BF18AD27F200F088D4 /* DRPPageCollectionViewController.h */ = {isa = PBXFileReference; fileEncoding = 4; lastKnownFileType = sourcecode.c.h; name = DRPPageCollectionViewController.h; path = ViewControllers/Pages/DRPPageCollectionViewController.h; sourceTree = "<group>"; };
		A9D1D5C018AD27F200F088D4 /* DRPPageCollectionViewController.m */ = {isa = PBXFileReference; fileEncoding = 4; lastKnownFileType = sourcecode.c.objc; name = DRPPageCollectionViewController.m; path = ViewControllers/Pages/DRPPageCollectionViewController.m; sourceTree = "<group>"; };
		A9D1D5C218AD2E1300F088D4 /* DRPCollectionDataItem.h */ = {isa = PBXFileReference; fileEncoding = 4; lastKnownFileType = sourcecode.c.h; name = DRPCollectionDataItem.h; path = ViewControllers/Pages/DRPCollectionDataItem.h; sourceTree = "<group>"; };
		A9D1D5C318AD2E1300F088D4 /* DRPCollectionDataItem.m */ = {isa = PBXFileReference; fileEncoding = 4; lastKnownFileType = sourcecode.c.objc; name = DRPCollectionDataItem.m; path = ViewControllers/Pages/DRPCollectionDataItem.m; sourceTree = "<group>"; };
		A9D1D5C518AD35B700F088D4 /* DRPCollectionViewCell.h */ = {isa = PBXFileReference; fileEncoding = 4; lastKnownFileType = sourcecode.c.h; name = DRPCollectionViewCell.h; path = Views/DRPCollectionViewCell.h; sourceTree = "<group>"; };
		A9D1D5C618AD35B700F088D4 /* DRPCollectionViewCell.m */ = {isa = PBXFileReference; fileEncoding = 4; lastKnownFileType = sourcecode.c.objc; name = DRPCollectionViewCell.m; path = Views/DRPCollectionViewCell.m; sourceTree = "<group>"; };
		A9E27CBD1857AE210043F6A9 /* DRPTileView.h */ = {isa = PBXFileReference; fileEncoding = 4; lastKnownFileType = sourcecode.c.h; name = DRPTileView.h; path = Views/DRPTileView.h; sourceTree = "<group>"; };
		A9E27CBE1857AE210043F6A9 /* DRPTileView.m */ = {isa = PBXFileReference; fileEncoding = 4; lastKnownFileType = sourcecode.c.objc; name = DRPTileView.m; path = Views/DRPTileView.m; sourceTree = "<group>"; };
		A9E27CC01857AFBC0043F6A9 /* Rokkitt.otf */ = {isa = PBXFileReference; lastKnownFileType = file; name = Rokkitt.otf; path = Fonts/Rokkitt.otf; sourceTree = "<group>"; };
		A9E27CC21857B4290043F6A9 /* tileOffset.plist */ = {isa = PBXFileReference; fileEncoding = 4; lastKnownFileType = text.plist.xml; name = tileOffset.plist; path = Swatches/tileOffset.plist; sourceTree = "<group>"; };
		A9E27CC41857B6080043F6A9 /* tileScalingOffset.plist */ = {isa = PBXFileReference; fileEncoding = 4; lastKnownFileType = text.plist.xml; name = tileScalingOffset.plist; path = Swatches/tileScalingOffset.plist; sourceTree = "<group>"; };
		A9E4A44818CBE8420085CA57 /* DRPNetworking.h */ = {isa = PBXFileReference; fileEncoding = 4; lastKnownFileType = sourcecode.c.h; name = DRPNetworking.h; path = Networking/DRPNetworking.h; sourceTree = "<group>"; };
		A9E4A44918CBE8420085CA57 /* DRPNetworking.m */ = {isa = PBXFileReference; fileEncoding = 4; lastKnownFileType = sourcecode.c.objc; name = DRPNetworking.m; path = Networking/DRPNetworking.m; sourceTree = "<group>"; };
		A9E4A44B18CD09110085CA57 /* en-us.db */ = {isa = PBXFileReference; lastKnownFileType = file; name = "en-us.db"; path = "Database/en-us.db"; sourceTree = "<group>"; };
		B0935A92C9664719B578E480 /* Pods.xcconfig */ = {isa = PBXFileReference; includeInIndex = 1; lastKnownFileType = text.xcconfig; name = Pods.xcconfig; path = Pods/Pods.xcconfig; sourceTree = "<group>"; };
		C024DF7718370AC300B5775B /* DRPDictionary.h */ = {isa = PBXFileReference; fileEncoding = 4; lastKnownFileType = sourcecode.c.h; name = DRPDictionary.h; path = Models/DRPDictionary.h; sourceTree = "<group>"; };
		C024DF7818370AC300B5775B /* DRPDictionary.m */ = {isa = PBXFileReference; fileEncoding = 4; lastKnownFileType = sourcecode.c.objc; name = DRPDictionary.m; path = Models/DRPDictionary.m; sourceTree = "<group>"; };
		CA523B0D421443AAA174ECE1 /* libPods.a */ = {isa = PBXFileReference; explicitFileType = archive.ar; includeInIndex = 0; path = libPods.a; sourceTree = BUILT_PRODUCTS_DIR; };
/* End PBXFileReference section */

/* Begin PBXFrameworksBuildPhase section */
		A91D8F42183702EE00BEC6E8 /* Frameworks */ = {
			isa = PBXFrameworksBuildPhase;
			buildActionMask = 2147483647;
			files = (
				A920405218370467006940B8 /* Security.framework in Frameworks */,
				A91D8F4B183702EE00BEC6E8 /* CoreGraphics.framework in Frameworks */,
				A91D8F4D183702EE00BEC6E8 /* UIKit.framework in Frameworks */,
				A91D8F49183702EE00BEC6E8 /* Foundation.framework in Frameworks */,
				F4E61295ABFC46CDBE1384F1 /* libPods.a in Frameworks */,
			);
			runOnlyForDeploymentPostprocessing = 0;
		};
/* End PBXFrameworksBuildPhase section */

/* Begin PBXGroup section */
		A9039FF81858D553002AEB37 /* Et Cetera */ = {
			isa = PBXGroup;
			children = (
				A9039FF91858D579002AEB37 /* DRPPageEtCeteraViewController.h */,
				A9039FFA1858D579002AEB37 /* DRPPageEtCeteraViewController.m */,
			);
			name = "Et Cetera";
			sourceTree = "<group>";
		};
		A91D8F3C183702EE00BEC6E8 = {
			isa = PBXGroup;
			children = (
				A91D8F4E183702EE00BEC6E8 /* Dropped */,
				A91D8F47183702EE00BEC6E8 /* Frameworks */,
				A91D8F46183702EE00BEC6E8 /* Products */,
				B0935A92C9664719B578E480 /* Pods.xcconfig */,
			);
			sourceTree = "<group>";
		};
		A91D8F46183702EE00BEC6E8 /* Products */ = {
			isa = PBXGroup;
			children = (
				A91D8F45183702EE00BEC6E8 /* Dropped.app */,
			);
			name = Products;
			sourceTree = "<group>";
		};
		A91D8F47183702EE00BEC6E8 /* Frameworks */ = {
			isa = PBXGroup;
			children = (
				A920405118370467006940B8 /* Security.framework */,
				A91D8F48183702EE00BEC6E8 /* Foundation.framework */,
				A91D8F4A183702EE00BEC6E8 /* CoreGraphics.framework */,
				A91D8F4C183702EE00BEC6E8 /* UIKit.framework */,
				A91D8F61183702EE00BEC6E8 /* XCTest.framework */,
				CA523B0D421443AAA174ECE1 /* libPods.a */,
			);
			name = Frameworks;
			sourceTree = "<group>";
		};
		A91D8F4E183702EE00BEC6E8 /* Dropped */ = {
			isa = PBXGroup;
			children = (
				A9204053183704AA006940B8 /* AppDelegate */,
				A9204054183704B7006940B8 /* ViewControllers */,
				A9204055183704C1006940B8 /* Views */,
				A9204056183704D7006940B8 /* Models */,
				A9E4A44718CBE8260085CA57 /* Networking */,
				A9C0FAD31864F6D000377B0E /* Utility */,
				A91D8F5A183702EE00BEC6E8 /* Images.xcassets */,
				C08CBC121837168800CE678F /* Resources */,
				A91D8F4F183702EE00BEC6E8 /* Supporting Files */,
			);
			name = Dropped;
			path = dropped;
			sourceTree = "<group>";
		};
		A91D8F4F183702EE00BEC6E8 /* Supporting Files */ = {
			isa = PBXGroup;
			children = (
				A91D8F50183702EE00BEC6E8 /* Dropped-Info.plist */,
				A91D8F51183702EE00BEC6E8 /* InfoPlist.strings */,
				A91D8F54183702EE00BEC6E8 /* main.m */,
				A91D8F56183702EE00BEC6E8 /* Dropped-Prefix.pch */,
			);
			name = "Supporting Files";
			sourceTree = "<group>";
		};
		A9204053183704AA006940B8 /* AppDelegate */ = {
			isa = PBXGroup;
			children = (
				A91D8F57183702EE00BEC6E8 /* DRPAppDelegate.h */,
				A91D8F58183702EE00BEC6E8 /* DRPAppDelegate.m */,
			);
			name = AppDelegate;
			sourceTree = "<group>";
		};
		A9204054183704B7006940B8 /* ViewControllers */ = {
			isa = PBXGroup;
			children = (
				A980FD14184BB56A00A7800F /* MainViewController */,
				A9B1C070184CF90000866029 /* Transitions */,
				A980FD15184BB8F700A7800F /* Pages */,
			);
			name = ViewControllers;
			sourceTree = "<group>";
		};
		A9204055183704C1006940B8 /* Views */ = {
			isa = PBXGroup;
			children = (
				A9ACB3CC18838A5A00B0B9D9 /* CollectionViewCells */,
				A99EAF1718765FE800DAD44F /* Match */,
				A9B1206C1857F8B80079BF72 /* Cues */,
				A9E27CBD1857AE210043F6A9 /* DRPTileView.h */,
				A9E27CBE1857AE210043F6A9 /* DRPTileView.m */,
				A9813325186DFBA100FC3277 /* DRPGreedyScrollView.h */,
				A9813326186DFBA100FC3277 /* DRPGreedyScrollView.m */,
			);
			name = Views;
			sourceTree = "<group>";
		};
		A9204056183704D7006940B8 /* Models */ = {
			isa = PBXGroup;
			children = (
				A95BB48A18372D8C00B7A9A8 /* Match */,
				A920405D18370BA3006940B8 /* Board/History */,
				A99EAF1E1876606C00DAD44F /* Atoms */,
				C024DF7718370AC300B5775B /* DRPDictionary.h */,
				C024DF7818370AC300B5775B /* DRPDictionary.m */,
			);
			name = Models;
			sourceTree = "<group>";
		};
		A920405D18370BA3006940B8 /* Board/History */ = {
			isa = PBXGroup;
			children = (
				A95BB48E18372DA800B7A9A8 /* DRPBoard.h */,
				A95BB48F18372DA800B7A9A8 /* DRPBoard.m */,
				A9C7BBB018395DFD003F585F /* DRPCharacterHistogram.h */,
				A9C7BBB118395DFD003F585F /* DRPCharacterHistogram.m */,
			);
			name = Board/History;
			sourceTree = "<group>";
		};
		A93D77C7185672E1006691AE /* Startup */ = {
			isa = PBXGroup;
			children = (
				A93D77CA185673EF006691AE /* DRPPageSplashViewController.h */,
				A93D77CB185673EF006691AE /* DRPPageSplashViewController.m */,
				A93D77CD18567D4B006691AE /* DRPPageLogInViewController.h */,
				A93D77CE18567D4B006691AE /* DRPPageLogInViewController.m */,
			);
			name = Startup;
			sourceTree = "<group>";
		};
		A93D77C8185672ED006691AE /* Match */ = {
			isa = PBXGroup;
			children = (
				A9C0FACA1864DB0A00377B0E /* DRPPageMatchViewController.h */,
				A9C0FACB1864DB0A00377B0E /* DRPPageMatchViewController.m */,
				A9C0FACD1864DE7700377B0E /* DRPBoardViewController.h */,
				A9C0FACE1864DE7700377B0E /* DRPBoardViewController.m */,
				A9801A3818774A990024B2A1 /* DRPMatchHeaderViewController.h */,
				A9801A3918774A990024B2A1 /* DRPMatchHeaderViewController.m */,
				A9C947EE189AC0B900FF69C2 /* DRPMatchCurrentWordViewController.h */,
				A9C947EF189AC0B900FF69C2 /* DRPMatchCurrentWordViewController.m */,
			);
			name = Match;
			sourceTree = "<group>";
		};
		A93D77C91856730C006691AE /* List/MatchMaker */ = {
			isa = PBXGroup;
			children = (
				A9A9D5BD1850ED5F0024E7D4 /* DRPPageListViewController.h */,
				A9A9D5BE1850ED5F0024E7D4 /* DRPPageListViewController.m */,
				A93D77C418566A8F006691AE /* DRPPageMatchmakerViewController.h */,
				A93D77C518566A8F006691AE /* DRPPageMatchmakerViewController.m */,
			);
			name = List/MatchMaker;
			sourceTree = "<group>";
		};
		A95221AA18AC6F3E00F78999 /* UIColletionView */ = {
			isa = PBXGroup;
			children = (
				A9ACB3C61883688500B0B9D9 /* DRPCollectionViewDataSource.h */,
				A9ACB3C71883688500B0B9D9 /* DRPCollectionViewDataSource.m */,
				A9D1D5C218AD2E1300F088D4 /* DRPCollectionDataItem.h */,
				A9D1D5C318AD2E1300F088D4 /* DRPCollectionDataItem.m */,
				A9ACB3C91883740600B0B9D9 /* DRPCollectionViewLayout.h */,
				A9ACB3CA1883740600B0B9D9 /* DRPCollectionViewLayout.m */,
			);
			name = UIColletionView;
			sourceTree = "<group>";
		};
		A95221AB18AC731500F78999 /* PageViewController */ = {
			isa = PBXGroup;
			children = (
				A9A9D5BF1850ED5F0024E7D4 /* DRPPageViewController.h */,
				A9A9D5C01850ED5F0024E7D4 /* DRPPageViewController.m */,
				A9D1D5BF18AD27F200F088D4 /* DRPPageCollectionViewController.h */,
				A9D1D5C018AD27F200F088D4 /* DRPPageCollectionViewController.m */,
			);
			name = PageViewController;
			sourceTree = "<group>";
		};
		A95BB48A18372D8C00B7A9A8 /* Match */ = {
			isa = PBXGroup;
			children = (
				A95BB48B18372D9C00B7A9A8 /* DRPMatch.h */,
				A95BB48C18372D9C00B7A9A8 /* DRPMatch.m */,
				A99D97D118490C8300208FA0 /* DRPPlayer.h */,
				A99D97D218490C8300208FA0 /* DRPPlayer.m */,
			);
			name = Match;
			sourceTree = "<group>";
		};
		A980FD14184BB56A00A7800F /* MainViewController */ = {
			isa = PBXGroup;
			children = (
				A93E9F27184AAC3B0047575A /* DRPMainViewController.h */,
				A93E9F28184AAC3B0047575A /* DRPMainViewController.m */,
				A95C3219184BDD3200ECC3D4 /* DRPPageDataSource.h */,
				A95C321A184BDD3200ECC3D4 /* DRPPageDataSource.m */,
				A91C045D185582DC002B6899 /* DRPCueKeeper.h */,
				A91C045E185582DC002B6899 /* DRPCueKeeper.m */,
			);
			name = MainViewController;
			sourceTree = "<group>";
		};
		A980FD15184BB8F700A7800F /* Pages */ = {
			isa = PBXGroup;
			children = (
				A95221AB18AC731500F78999 /* PageViewController */,
				A95221AA18AC6F3E00F78999 /* UIColletionView */,
				A93D77C7185672E1006691AE /* Startup */,
				A93D77C91856730C006691AE /* List/MatchMaker */,
				A93D77C8185672ED006691AE /* Match */,
				A9039FF81858D553002AEB37 /* Et Cetera */,
			);
			name = Pages;
			sourceTree = "<group>";
		};
		A99EAF1718765FE800DAD44F /* Match */ = {
			isa = PBXGroup;
			children = (
				A9813322186BC00300FC3277 /* DRPCurrentWordView.h */,
				A9813323186BC00300FC3277 /* DRPCurrentWordView.m */,
				A99EAF1B1876603E00DAD44F /* DRPMatchPlayerView.h */,
				A99EAF1C1876603E00DAD44F /* DRPMatchPlayerView.m */,
			);
			name = Match;
			sourceTree = "<group>";
		};
		A99EAF1E1876606C00DAD44F /* Atoms */ = {
			isa = PBXGroup;
			children = (
				A920405A18370BA0006940B8 /* DRPPosition.h */,
				A920405B18370BA0006940B8 /* DRPPosition.m */,
				A95BB49218372DA800B7A9A8 /* DRPCharacter.h */,
				A95BB49318372DA800B7A9A8 /* DRPCharacter.m */,
				A9D127B51837E0B40048AF25 /* DRPPlayedWord.h */,
				A9D127B61837E0B40048AF25 /* DRPPlayedWord.m */,
			);
			name = Atoms;
			sourceTree = "<group>";
		};
		A9A485CE1856279C0080A4B5 /* Fonts */ = {
			isa = PBXGroup;
			children = (
				A9A485CF185627B00080A4B5 /* Centrale Sans Light.otf */,
				A9A485D0185627B00080A4B5 /* Centrale Sans Medium.otf */,
				A9E27CC01857AFBC0043F6A9 /* Rokkitt.otf */,
			);
			name = Fonts;
			sourceTree = "<group>";
		};
		A9AC495D18539E0D006E1D84 /* Database */ = {
			isa = PBXGroup;
			children = (
				A9E4A44B18CD09110085CA57 /* en-us.db */,
			);
			name = Database;
			sourceTree = "<group>";
		};
		A9AC495E18539E15006E1D84 /* Swatches */ = {
			isa = PBXGroup;
			children = (
				A9AC495F18539E44006E1D84 /* animation.plist */,
				A9323D261878BA4F0045287A /* board.plist */,
				A9C0FAD01864F53700377B0E /* colors.plist */,
				A9239C6218844C2F00F8E07B /* debug.plist */,
				A99B627218989BB500906CD5 /* debugMatches.plist */,
				A959500818A3F514006B42DA /* list.plist */,
				A91C045618557B6A002B6899 /* page.plist */,
				A9E27CC21857B4290043F6A9 /* tileOffset.plist */,
				A9E27CC41857B6080043F6A9 /* tileScalingOffset.plist */,
			);
			name = Swatches;
			sourceTree = "<group>";
		};
		A9ACB3CC18838A5A00B0B9D9 /* CollectionViewCells */ = {
			isa = PBXGroup;
			children = (
				A9D1D5C518AD35B700F088D4 /* DRPCollectionViewCell.h */,
				A9D1D5C618AD35B700F088D4 /* DRPCollectionViewCell.m */,
				A959500518A3F33D006B42DA /* DRPMenuCollectionViewCell.h */,
				A959500618A3F33D006B42DA /* DRPMenuCollectionViewCell.m */,
				A9ACB3CD18838B0B00B0B9D9 /* DRPMatchCollectionViewCell.h */,
				A9ACB3CE18838B0B00B0B9D9 /* DRPMatchCollectionViewCell.m */,
			);
			name = CollectionViewCells;
			sourceTree = "<group>";
		};
		A9B1206C1857F8B80079BF72 /* Cues */ = {
			isa = PBXGroup;
			children = (
				A9B1206D1857F8CE0079BF72 /* DRPCueIndicatorView.h */,
				A9B1206E1857F8CE0079BF72 /* DRPCueIndicatorView.m */,
			);
			name = Cues;
			sourceTree = "<group>";
		};
		A9B1C070184CF90000866029 /* Transitions */ = {
			isa = PBXGroup;
			children = (
				A9B1C080184CFCDE00866029 /* DRPTransition.h */,
				A9B1C081184CFCDE00866029 /* DRPTransition.m */,
				A9B1C07A184CFCC100866029 /* DRPDropTransition.h */,
				A9B1C07B184CFCC100866029 /* DRPDropTransition.m */,
				A9B1C083184D042100866029 /* DRPLiftTransition.h */,
				A9B1C084184D042100866029 /* DRPLiftTransition.m */,
			);
			name = Transitions;
			sourceTree = "<group>";
		};
		A9C0FAD31864F6D000377B0E /* Utility */ = {
			isa = PBXGroup;
			children = (
				A9C0FAD41864F6FC00377B0E /* DRPUtility.h */,
				A9C0FAD51864F6FC00377B0E /* DRPUtility.m */,
				A9C0FAD7186507EC00377B0E /* NSArray+Mutable.h */,
				A9C0FAD8186507EC00377B0E /* NSArray+Mutable.m */,
			);
			name = Utility;
			sourceTree = "<group>";
		};
		A9E4A44718CBE8260085CA57 /* Networking */ = {
			isa = PBXGroup;
			children = (
				A9E4A44818CBE8420085CA57 /* DRPNetworking.h */,
				A9E4A44918CBE8420085CA57 /* DRPNetworking.m */,
			);
			name = Networking;
			sourceTree = "<group>";
		};
		C08CBC121837168800CE678F /* Resources */ = {
			isa = PBXGroup;
			children = (
				A960B1FD18A749E6002B89FA /* logo.png */,
				A997F00818A446FA0007E7E5 /* under_construction.png */,
				A9AC495D18539E0D006E1D84 /* Database */,
				A9A485CE1856279C0080A4B5 /* Fonts */,
				A9AC495E18539E15006E1D84 /* Swatches */,
			);
			path = Resources;
			sourceTree = "<group>";
		};
/* End PBXGroup section */

/* Begin PBXNativeTarget section */
		A91D8F44183702EE00BEC6E8 /* Dropped */ = {
			isa = PBXNativeTarget;
			buildConfigurationList = A91D8F71183702EE00BEC6E8 /* Build configuration list for PBXNativeTarget "Dropped" */;
			buildPhases = (
				0DC963B145134C1C87226075 /* Check Pods Manifest.lock */,
				A91D8F41183702EE00BEC6E8 /* Sources */,
				A91D8F42183702EE00BEC6E8 /* Frameworks */,
				A91D8F43183702EE00BEC6E8 /* Resources */,
				8142C07EB6364950BA9598DA /* Copy Pods Resources */,
				C08CBC1918371B1E00CE678F /* Copy Word Databases */,
				A9AC496118539E8E006E1D84 /* Copy Swatches */,
			);
			buildRules = (
			);
			dependencies = (
			);
			name = Dropped;
			productName = dropped;
			productReference = A91D8F45183702EE00BEC6E8 /* Dropped.app */;
			productType = "com.apple.product-type.application";
		};
/* End PBXNativeTarget section */

/* Begin PBXProject section */
		A91D8F3D183702EE00BEC6E8 /* Project object */ = {
			isa = PBXProject;
			attributes = {
				CLASSPREFIX = DRP;
				LastUpgradeCheck = 0510;
				ORGANIZATIONNAME = "Brad Zeis";
				TargetAttributes = {
					A91D8F44183702EE00BEC6E8 = {
						DevelopmentTeam = VK6PLLGMJR;
						SystemCapabilities = {
							com.apple.GameCenter = {
								enabled = 0;
							};
						};
					};
				};
			};
			buildConfigurationList = A91D8F40183702EE00BEC6E8 /* Build configuration list for PBXProject "Dropped" */;
			compatibilityVersion = "Xcode 3.2";
			developmentRegion = English;
			hasScannedForEncodings = 0;
			knownRegions = (
				en,
			);
			mainGroup = A91D8F3C183702EE00BEC6E8;
			productRefGroup = A91D8F46183702EE00BEC6E8 /* Products */;
			projectDirPath = "";
			projectRoot = "";
			targets = (
				A91D8F44183702EE00BEC6E8 /* Dropped */,
			);
		};
/* End PBXProject section */

/* Begin PBXResourcesBuildPhase section */
		A91D8F43183702EE00BEC6E8 /* Resources */ = {
			isa = PBXResourcesBuildPhase;
			buildActionMask = 2147483647;
			files = (
				A91D8F53183702EE00BEC6E8 /* InfoPlist.strings in Resources */,
				A997F00918A446FA0007E7E5 /* under_construction.png in Resources */,
				A960B1FE18A749E6002B89FA /* logo.png in Resources */,
				A9A485D1185627B00080A4B5 /* Centrale Sans Light.otf in Resources */,
				A9A485D2185627B00080A4B5 /* Centrale Sans Medium.otf in Resources */,
				A9E27CC11857AFBC0043F6A9 /* Rokkitt.otf in Resources */,
				A91D8F5B183702EE00BEC6E8 /* Images.xcassets in Resources */,
			);
			runOnlyForDeploymentPostprocessing = 0;
		};
/* End PBXResourcesBuildPhase section */

/* Begin PBXShellScriptBuildPhase section */
		0DC963B145134C1C87226075 /* Check Pods Manifest.lock */ = {
			isa = PBXShellScriptBuildPhase;
			buildActionMask = 2147483647;
			files = (
			);
			inputPaths = (
			);
			name = "Check Pods Manifest.lock";
			outputPaths = (
			);
			runOnlyForDeploymentPostprocessing = 0;
			shellPath = /bin/sh;
			shellScript = "diff \"${PODS_ROOT}/../Podfile.lock\" \"${PODS_ROOT}/Manifest.lock\" > /dev/null\nif [[ $? != 0 ]] ; then\n    cat << EOM\nerror: The sandbox is not in sync with the Podfile.lock. Run 'pod install' or update your CocoaPods installation.\nEOM\n    exit 1\nfi\n";
			showEnvVarsInLog = 0;
		};
		8142C07EB6364950BA9598DA /* Copy Pods Resources */ = {
			isa = PBXShellScriptBuildPhase;
			buildActionMask = 2147483647;
			files = (
			);
			inputPaths = (
			);
			name = "Copy Pods Resources";
			outputPaths = (
			);
			runOnlyForDeploymentPostprocessing = 0;
			shellPath = /bin/sh;
			shellScript = "\"${SRCROOT}/Pods/Pods-resources.sh\"\n";
			showEnvVarsInLog = 0;
		};
/* End PBXShellScriptBuildPhase section */

/* Begin PBXSourcesBuildPhase section */
		A91D8F41183702EE00BEC6E8 /* Sources */ = {
			isa = PBXSourcesBuildPhase;
			buildActionMask = 2147483647;
			files = (
				A959500718A3F33D006B42DA /* DRPMenuCollectionViewCell.m in Sources */,
				A9D1D5C118AD27F200F088D4 /* DRPPageCollectionViewController.m in Sources */,
				A95C321B184BDD3200ECC3D4 /* DRPPageDataSource.m in Sources */,
				A9C0FAD61864F6FC00377B0E /* DRPUtility.m in Sources */,
				A9C7BBB218395DFD003F585F /* DRPCharacterHistogram.m in Sources */,
				A9D1D5C418AD2E1300F088D4 /* DRPCollectionDataItem.m in Sources */,
				A91C045F185582DC002B6899 /* DRPCueKeeper.m in Sources */,
				A9039FFB1858D579002AEB37 /* DRPPageEtCeteraViewController.m in Sources */,
				A9ACB3CB1883740600B0B9D9 /* DRPCollectionViewLayout.m in Sources */,
				A95BB49618372DA800B7A9A8 /* DRPCharacter.m in Sources */,
				A9B1206F1857F8CE0079BF72 /* DRPCueIndicatorView.m in Sources */,
				A9ACB3C81883688500B0B9D9 /* DRPCollectionViewDataSource.m in Sources */,
				A91D8F55183702EE00BEC6E8 /* main.m in Sources */,
				A9C0FACF1864DE7700377B0E /* DRPBoardViewController.m in Sources */,
				A95BB49418372DA800B7A9A8 /* DRPBoard.m in Sources */,
				A9D127B71837E0B40048AF25 /* DRPPlayedWord.m in Sources */,
				A9B1C07E184CFCC100866029 /* DRPDropTransition.m in Sources */,
				A99D97D318490C8300208FA0 /* DRPPlayer.m in Sources */,
				C024DF7918370AC300B5775B /* DRPDictionary.m in Sources */,
				A9E27CBF1857AE210043F6A9 /* DRPTileView.m in Sources */,
				A91D8F59183702EE00BEC6E8 /* DRPAppDelegate.m in Sources */,
				A9813324186BC00300FC3277 /* DRPCurrentWordView.m in Sources */,
				A93D77CF18567D4B006691AE /* DRPPageLogInViewController.m in Sources */,
				A9C0FAD9186507EC00377B0E /* NSArray+Mutable.m in Sources */,
				A9C947F0189AC0B900FF69C2 /* DRPMatchCurrentWordViewController.m in Sources */,
				A9B1C082184CFCDE00866029 /* DRPTransition.m in Sources */,
				A93D77CC185673EF006691AE /* DRPPageSplashViewController.m in Sources */,
				A93D77C618566A8F006691AE /* DRPPageMatchmakerViewController.m in Sources */,
				A9ACB3CF18838B0B00B0B9D9 /* DRPMatchCollectionViewCell.m in Sources */,
				A9801A3A18774A9A0024B2A1 /* DRPMatchHeaderViewController.m in Sources */,
				A9813327186DFBA100FC3277 /* DRPGreedyScrollView.m in Sources */,
				A9C0FACC1864DB0A00377B0E /* DRPPageMatchViewController.m in Sources */,
				A9B1C085184D042100866029 /* DRPLiftTransition.m in Sources */,
				A9E4A44A18CBE8420085CA57 /* DRPNetworking.m in Sources */,
				A9A9D5C21850ED5F0024E7D4 /* DRPPageViewController.m in Sources */,
				A99EAF1D1876603E00DAD44F /* DRPMatchPlayerView.m in Sources */,
				A920405C18370BA0006940B8 /* DRPPosition.m in Sources */,
				A93E9F29184AAC3B0047575A /* DRPMainViewController.m in Sources */,
				A9D1D5C718AD35B700F088D4 /* DRPCollectionViewCell.m in Sources */,
				A9A9D5C11850ED5F0024E7D4 /* DRPPageListViewController.m in Sources */,
				A95BB48D18372D9C00B7A9A8 /* DRPMatch.m in Sources */,
			);
			runOnlyForDeploymentPostprocessing = 0;
		};
/* End PBXSourcesBuildPhase section */

/* Begin PBXVariantGroup section */
		A91D8F51183702EE00BEC6E8 /* InfoPlist.strings */ = {
			isa = PBXVariantGroup;
			children = (
				A91D8F52183702EE00BEC6E8 /* en */,
			);
			name = InfoPlist.strings;
			sourceTree = "<group>";
		};
/* End PBXVariantGroup section */

/* Begin XCBuildConfiguration section */
		A91D8F6F183702EE00BEC6E8 /* Debug */ = {
			isa = XCBuildConfiguration;
			buildSettings = {
				ALWAYS_SEARCH_USER_PATHS = NO;
				CLANG_CXX_LANGUAGE_STANDARD = "gnu++0x";
				CLANG_CXX_LIBRARY = "libc++";
				CLANG_ENABLE_MODULES = YES;
				CLANG_ENABLE_OBJC_ARC = YES;
				CLANG_WARN_BOOL_CONVERSION = YES;
				CLANG_WARN_CONSTANT_CONVERSION = YES;
				CLANG_WARN_DIRECT_OBJC_ISA_USAGE = YES_ERROR;
				CLANG_WARN_EMPTY_BODY = YES;
				CLANG_WARN_ENUM_CONVERSION = YES;
				CLANG_WARN_INT_CONVERSION = YES;
				CLANG_WARN_OBJC_ROOT_CLASS = YES_ERROR;
				CLANG_WARN__DUPLICATE_METHOD_MATCH = YES;
				CODE_SIGN_IDENTITY = "iPhone Developer: Jared Jones (R96M5245A2)";
				"CODE_SIGN_IDENTITY[sdk=iphoneos*]" = "iPhone Developer: Jared Jones (R96M5245A2)";
				COPY_PHASE_STRIP = NO;
				GCC_C_LANGUAGE_STANDARD = gnu99;
				GCC_DYNAMIC_NO_PIC = NO;
				GCC_OPTIMIZATION_LEVEL = 0;
				GCC_PREPROCESSOR_DEFINITIONS = (
					"DEBUG=1",
					"$(inherited)",
				);
				GCC_SYMBOLS_PRIVATE_EXTERN = NO;
				GCC_WARN_64_TO_32_BIT_CONVERSION = YES;
				GCC_WARN_ABOUT_RETURN_TYPE = YES_ERROR;
				GCC_WARN_UNDECLARED_SELECTOR = YES;
				GCC_WARN_UNINITIALIZED_AUTOS = YES;
				GCC_WARN_UNUSED_FUNCTION = YES;
				GCC_WARN_UNUSED_VARIABLE = YES;
				IPHONEOS_DEPLOYMENT_TARGET = 7.0;
				ONLY_ACTIVE_ARCH = YES;
				SDKROOT = iphoneos;
				TARGETED_DEVICE_FAMILY = "1,2";
			};
			name = Debug;
		};
		A91D8F70183702EE00BEC6E8 /* Release */ = {
			isa = XCBuildConfiguration;
			buildSettings = {
				ALWAYS_SEARCH_USER_PATHS = NO;
				CLANG_CXX_LANGUAGE_STANDARD = "gnu++0x";
				CLANG_CXX_LIBRARY = "libc++";
				CLANG_ENABLE_MODULES = YES;
				CLANG_ENABLE_OBJC_ARC = YES;
				CLANG_WARN_BOOL_CONVERSION = YES;
				CLANG_WARN_CONSTANT_CONVERSION = YES;
				CLANG_WARN_DIRECT_OBJC_ISA_USAGE = YES_ERROR;
				CLANG_WARN_EMPTY_BODY = YES;
				CLANG_WARN_ENUM_CONVERSION = YES;
				CLANG_WARN_INT_CONVERSION = YES;
				CLANG_WARN_OBJC_ROOT_CLASS = YES_ERROR;
				CLANG_WARN__DUPLICATE_METHOD_MATCH = YES;
				CODE_SIGN_IDENTITY = "iPhone Distribution: Uvora LLC (VK6PLLGMJR)";
				"CODE_SIGN_IDENTITY[sdk=iphoneos*]" = "iPhone Distribution: Uvora LLC (VK6PLLGMJR)";
				COPY_PHASE_STRIP = YES;
				ENABLE_NS_ASSERTIONS = NO;
				GCC_C_LANGUAGE_STANDARD = gnu99;
				GCC_WARN_64_TO_32_BIT_CONVERSION = YES;
				GCC_WARN_ABOUT_RETURN_TYPE = YES_ERROR;
				GCC_WARN_UNDECLARED_SELECTOR = YES;
				GCC_WARN_UNINITIALIZED_AUTOS = YES;
				GCC_WARN_UNUSED_FUNCTION = YES;
				GCC_WARN_UNUSED_VARIABLE = YES;
				IPHONEOS_DEPLOYMENT_TARGET = 7.0;
				SDKROOT = iphoneos;
				TARGETED_DEVICE_FAMILY = "1,2";
				VALIDATE_PRODUCT = YES;
			};
			name = Release;
		};
		A91D8F72183702EE00BEC6E8 /* Debug */ = {
			isa = XCBuildConfiguration;
			baseConfigurationReference = B0935A92C9664719B578E480 /* Pods.xcconfig */;
			buildSettings = {
				ASSETCATALOG_COMPILER_APPICON_NAME = AppIcon;
				ASSETCATALOG_COMPILER_LAUNCHIMAGE_NAME = LaunchImage;
				CODE_SIGN_IDENTITY = "iPhone Developer";
				"CODE_SIGN_IDENTITY[sdk=iphoneos*]" = "iPhone Developer: Jared Jones (R96M5245A2)";
				GCC_PRECOMPILE_PREFIX_HEADER = YES;
				GCC_PREFIX_HEADER = "Dropped/Dropped-Prefix.pch";
				INFOPLIST_FILE = "Dropped/Dropped-Info.plist";
				PRODUCT_NAME = Dropped;
				PROVISIONING_PROFILE = "93A217A4-E050-48FA-8891-CD0774DEFB30";
				WRAPPER_EXTENSION = app;
			};
			name = Debug;
		};
		A91D8F73183702EE00BEC6E8 /* Release */ = {
			isa = XCBuildConfiguration;
			baseConfigurationReference = B0935A92C9664719B578E480 /* Pods.xcconfig */;
			buildSettings = {
				ASSETCATALOG_COMPILER_APPICON_NAME = AppIcon;
				ASSETCATALOG_COMPILER_LAUNCHIMAGE_NAME = LaunchImage;
				CODE_SIGN_IDENTITY = "iPhone Developer";
				"CODE_SIGN_IDENTITY[sdk=iphoneos*]" = "iPhone Developer: Jared Jones (R96M5245A2)";
				GCC_PRECOMPILE_PREFIX_HEADER = YES;
				GCC_PREFIX_HEADER = "Dropped/Dropped-Prefix.pch";
				INFOPLIST_FILE = "Dropped/Dropped-Info.plist";
				PRODUCT_NAME = Dropped;
				PROVISIONING_PROFILE = "93A217A4-E050-48FA-8891-CD0774DEFB30";
				WRAPPER_EXTENSION = app;
			};
			name = Release;
		};
/* End XCBuildConfiguration section */

/* Begin XCConfigurationList section */
		A91D8F40183702EE00BEC6E8 /* Build configuration list for PBXProject "Dropped" */ = {
			isa = XCConfigurationList;
			buildConfigurations = (
				A91D8F6F183702EE00BEC6E8 /* Debug */,
				A91D8F70183702EE00BEC6E8 /* Release */,
			);
			defaultConfigurationIsVisible = 0;
			defaultConfigurationName = Release;
		};
		A91D8F71183702EE00BEC6E8 /* Build configuration list for PBXNativeTarget "Dropped" */ = {
			isa = XCConfigurationList;
			buildConfigurations = (
				A91D8F72183702EE00BEC6E8 /* Debug */,
				A91D8F73183702EE00BEC6E8 /* Release */,
			);
			defaultConfigurationIsVisible = 0;
			defaultConfigurationName = Release;
		};
/* End XCConfigurationList section */
	};
	rootObject = A91D8F3D183702EE00BEC6E8 /* Project object */;
}
