// !$*UTF8*$!
{
	archiveVersion = 1;
	classes = {
	};
	objectVersion = 46;
	objects = {

/* Begin PBXBuildFile section */
		A91C045818557C03002B6899 /* page.plist in CopyFiles */ = {isa = PBXBuildFile; fileRef = A91C045618557B6A002B6899 /* page.plist */; };
		A91C045F185582DC002B6899 /* DRPCueKeeper.m in Sources */ = {isa = PBXBuildFile; fileRef = A91C045E185582DC002B6899 /* DRPCueKeeper.m */; };
		A91D8F49183702EE00BEC6E8 /* Foundation.framework in Frameworks */ = {isa = PBXBuildFile; fileRef = A91D8F48183702EE00BEC6E8 /* Foundation.framework */; };
		A91D8F4B183702EE00BEC6E8 /* CoreGraphics.framework in Frameworks */ = {isa = PBXBuildFile; fileRef = A91D8F4A183702EE00BEC6E8 /* CoreGraphics.framework */; };
		A91D8F4D183702EE00BEC6E8 /* UIKit.framework in Frameworks */ = {isa = PBXBuildFile; fileRef = A91D8F4C183702EE00BEC6E8 /* UIKit.framework */; };
		A91D8F53183702EE00BEC6E8 /* InfoPlist.strings in Resources */ = {isa = PBXBuildFile; fileRef = A91D8F51183702EE00BEC6E8 /* InfoPlist.strings */; };
		A91D8F55183702EE00BEC6E8 /* main.m in Sources */ = {isa = PBXBuildFile; fileRef = A91D8F54183702EE00BEC6E8 /* main.m */; };
		A91D8F59183702EE00BEC6E8 /* DRPAppDelegate.m in Sources */ = {isa = PBXBuildFile; fileRef = A91D8F58183702EE00BEC6E8 /* DRPAppDelegate.m */; };
		A91D8F5B183702EE00BEC6E8 /* Images.xcassets in Resources */ = {isa = PBXBuildFile; fileRef = A91D8F5A183702EE00BEC6E8 /* Images.xcassets */; };
		A91D8F62183702EE00BEC6E8 /* XCTest.framework in Frameworks */ = {isa = PBXBuildFile; fileRef = A91D8F61183702EE00BEC6E8 /* XCTest.framework */; };
		A91D8F63183702EE00BEC6E8 /* Foundation.framework in Frameworks */ = {isa = PBXBuildFile; fileRef = A91D8F48183702EE00BEC6E8 /* Foundation.framework */; };
		A91D8F64183702EE00BEC6E8 /* UIKit.framework in Frameworks */ = {isa = PBXBuildFile; fileRef = A91D8F4C183702EE00BEC6E8 /* UIKit.framework */; };
		A920405218370467006940B8 /* Security.framework in Frameworks */ = {isa = PBXBuildFile; fileRef = A920405118370467006940B8 /* Security.framework */; };
		A920405C18370BA0006940B8 /* DRPPosition.m in Sources */ = {isa = PBXBuildFile; fileRef = A920405B18370BA0006940B8 /* DRPPosition.m */; };
		A93D77C618566A8F006691AE /* DRPPageMatchmakerViewController.m in Sources */ = {isa = PBXBuildFile; fileRef = A93D77C518566A8F006691AE /* DRPPageMatchmakerViewController.m */; };
		A93D77CC185673EF006691AE /* DRPPageSplashViewController.m in Sources */ = {isa = PBXBuildFile; fileRef = A93D77CB185673EF006691AE /* DRPPageSplashViewController.m */; };
		A93D77CF18567D4B006691AE /* DRPPageLogInViewController.m in Sources */ = {isa = PBXBuildFile; fileRef = A93D77CE18567D4B006691AE /* DRPPageLogInViewController.m */; };
		A93D77D21856A1F7006691AE /* DRPGameCenterInterface.m in Sources */ = {isa = PBXBuildFile; fileRef = A93D77D11856A1F7006691AE /* DRPGameCenterInterface.m */; };
		A93E9F29184AAC3B0047575A /* DRPMainViewController.m in Sources */ = {isa = PBXBuildFile; fileRef = A93E9F28184AAC3B0047575A /* DRPMainViewController.m */; };
		A95A2C821847C3AB001AF846 /* GameKit.framework in Frameworks */ = {isa = PBXBuildFile; fileRef = A95A2C811847C3AB001AF846 /* GameKit.framework */; };
		A95BB48D18372D9C00B7A9A8 /* DRPMatch.m in Sources */ = {isa = PBXBuildFile; fileRef = A95BB48C18372D9C00B7A9A8 /* DRPMatch.m */; };
		A95BB49418372DA800B7A9A8 /* DRPBoard.m in Sources */ = {isa = PBXBuildFile; fileRef = A95BB48F18372DA800B7A9A8 /* DRPBoard.m */; };
		A95BB49618372DA800B7A9A8 /* DRPCharacter.m in Sources */ = {isa = PBXBuildFile; fileRef = A95BB49318372DA800B7A9A8 /* DRPCharacter.m */; };
		A95C321B184BDD3200ECC3D4 /* DRPPageDataSource.m in Sources */ = {isa = PBXBuildFile; fileRef = A95C321A184BDD3200ECC3D4 /* DRPPageDataSource.m */; };
		A99D97D318490C8300208FA0 /* DRPPlayer.m in Sources */ = {isa = PBXBuildFile; fileRef = A99D97D218490C8300208FA0 /* DRPPlayer.m */; };
		A9A485D1185627B00080A4B5 /* Centrale Sans Light.otf in Resources */ = {isa = PBXBuildFile; fileRef = A9A485CF185627B00080A4B5 /* Centrale Sans Light.otf */; };
		A9A485D2185627B00080A4B5 /* Centrale Sans Medium.otf in Resources */ = {isa = PBXBuildFile; fileRef = A9A485D0185627B00080A4B5 /* Centrale Sans Medium.otf */; };
		A9A9D5C11850ED5F0024E7D4 /* DRPPageListViewController.m in Sources */ = {isa = PBXBuildFile; fileRef = A9A9D5BE1850ED5F0024E7D4 /* DRPPageListViewController.m */; };
		A9A9D5C21850ED5F0024E7D4 /* DRPPageViewController.m in Sources */ = {isa = PBXBuildFile; fileRef = A9A9D5C01850ED5F0024E7D4 /* DRPPageViewController.m */; };
		A9AC496218539E97006E1D84 /* animation.plist in CopyFiles */ = {isa = PBXBuildFile; fileRef = A9AC495F18539E44006E1D84 /* animation.plist */; };
		A9B1C07E184CFCC100866029 /* DRPDropTransition.m in Sources */ = {isa = PBXBuildFile; fileRef = A9B1C07B184CFCC100866029 /* DRPDropTransition.m */; };
		A9B1C082184CFCDE00866029 /* DRPTransition.m in Sources */ = {isa = PBXBuildFile; fileRef = A9B1C081184CFCDE00866029 /* DRPTransition.m */; };
		A9B1C085184D042100866029 /* DRPLiftTransition.m in Sources */ = {isa = PBXBuildFile; fileRef = A9B1C084184D042100866029 /* DRPLiftTransition.m */; };
		A9C7BBB218395DFD003F585F /* DRPCharacterHistogram.m in Sources */ = {isa = PBXBuildFile; fileRef = A9C7BBB118395DFD003F585F /* DRPCharacterHistogram.m */; };
		A9D127B71837E0B40048AF25 /* DRPPlayedWord.m in Sources */ = {isa = PBXBuildFile; fileRef = A9D127B61837E0B40048AF25 /* DRPPlayedWord.m */; };
		C024DF7918370AC300B5775B /* DRPDictionary.m in Sources */ = {isa = PBXBuildFile; fileRef = C024DF7818370AC300B5775B /* DRPDictionary.m */; };
		C08CBC171837168800CE678F /* importdatabase.sh in Resources */ = {isa = PBXBuildFile; fileRef = C08CBC141837168800CE678F /* importdatabase.sh */; };
		C08CBC1A18371B3700CE678F /* Dropped.db in CopyFiles */ = {isa = PBXBuildFile; fileRef = C08CBC131837168800CE678F /* Dropped.db */; };
		F4E61295ABFC46CDBE1384F1 /* libPods.a in Frameworks */ = {isa = PBXBuildFile; fileRef = CA523B0D421443AAA174ECE1 /* libPods.a */; };
/* End PBXBuildFile section */

/* Begin PBXContainerItemProxy section */
		A91D8F65183702EE00BEC6E8 /* PBXContainerItemProxy */ = {
			isa = PBXContainerItemProxy;
			containerPortal = A91D8F3D183702EE00BEC6E8 /* Project object */;
			proxyType = 1;
			remoteGlobalIDString = A91D8F44183702EE00BEC6E8;
			remoteInfo = dropped;
		};
/* End PBXContainerItemProxy section */

/* Begin PBXCopyFilesBuildPhase section */
		A9AC496118539E8E006E1D84 /* CopyFiles */ = {
			isa = PBXCopyFilesBuildPhase;
			buildActionMask = 2147483647;
			dstPath = Swatches;
			dstSubfolderSpec = 7;
			files = (
				A9AC496218539E97006E1D84 /* animation.plist in CopyFiles */,
				A91C045818557C03002B6899 /* page.plist in CopyFiles */,
			);
			runOnlyForDeploymentPostprocessing = 0;
		};
		C08CBC1918371B1E00CE678F /* CopyFiles */ = {
			isa = PBXCopyFilesBuildPhase;
			buildActionMask = 2147483647;
			dstPath = Database;
			dstSubfolderSpec = 7;
			files = (
				C08CBC1A18371B3700CE678F /* Dropped.db in CopyFiles */,
			);
			runOnlyForDeploymentPostprocessing = 0;
		};
/* End PBXCopyFilesBuildPhase section */

/* Begin PBXFileReference section */
		A91C045618557B6A002B6899 /* page.plist */ = {isa = PBXFileReference; fileEncoding = 4; lastKnownFileType = text.plist.xml; name = page.plist; path = Swatches/page.plist; sourceTree = "<group>"; };
		A91C045D185582DC002B6899 /* DRPCueKeeper.h */ = {isa = PBXFileReference; fileEncoding = 4; lastKnownFileType = sourcecode.c.h; name = DRPCueKeeper.h; path = ViewControllers/DRPCueKeeper.h; sourceTree = "<group>"; };
		A91C045E185582DC002B6899 /* DRPCueKeeper.m */ = {isa = PBXFileReference; fileEncoding = 4; lastKnownFileType = sourcecode.c.objc; name = DRPCueKeeper.m; path = ViewControllers/DRPCueKeeper.m; sourceTree = "<group>"; };
		A91D8F45183702EE00BEC6E8 /* dropped.app */ = {isa = PBXFileReference; explicitFileType = wrapper.application; includeInIndex = 0; path = dropped.app; sourceTree = BUILT_PRODUCTS_DIR; };
		A91D8F48183702EE00BEC6E8 /* Foundation.framework */ = {isa = PBXFileReference; lastKnownFileType = wrapper.framework; name = Foundation.framework; path = System/Library/Frameworks/Foundation.framework; sourceTree = SDKROOT; };
		A91D8F4A183702EE00BEC6E8 /* CoreGraphics.framework */ = {isa = PBXFileReference; lastKnownFileType = wrapper.framework; name = CoreGraphics.framework; path = System/Library/Frameworks/CoreGraphics.framework; sourceTree = SDKROOT; };
		A91D8F4C183702EE00BEC6E8 /* UIKit.framework */ = {isa = PBXFileReference; lastKnownFileType = wrapper.framework; name = UIKit.framework; path = System/Library/Frameworks/UIKit.framework; sourceTree = SDKROOT; };
		A91D8F50183702EE00BEC6E8 /* dropped-Info.plist */ = {isa = PBXFileReference; lastKnownFileType = text.plist.xml; path = "dropped-Info.plist"; sourceTree = "<group>"; };
		A91D8F52183702EE00BEC6E8 /* en */ = {isa = PBXFileReference; lastKnownFileType = text.plist.strings; name = en; path = en.lproj/InfoPlist.strings; sourceTree = "<group>"; };
		A91D8F54183702EE00BEC6E8 /* main.m */ = {isa = PBXFileReference; lastKnownFileType = sourcecode.c.objc; path = main.m; sourceTree = "<group>"; };
		A91D8F56183702EE00BEC6E8 /* dropped-Prefix.pch */ = {isa = PBXFileReference; lastKnownFileType = sourcecode.c.h; path = "dropped-Prefix.pch"; sourceTree = "<group>"; };
		A91D8F57183702EE00BEC6E8 /* DRPAppDelegate.h */ = {isa = PBXFileReference; lastKnownFileType = sourcecode.c.h; path = DRPAppDelegate.h; sourceTree = "<group>"; };
		A91D8F58183702EE00BEC6E8 /* DRPAppDelegate.m */ = {isa = PBXFileReference; lastKnownFileType = sourcecode.c.objc; path = DRPAppDelegate.m; sourceTree = "<group>"; };
		A91D8F5A183702EE00BEC6E8 /* Images.xcassets */ = {isa = PBXFileReference; lastKnownFileType = folder.assetcatalog; path = Images.xcassets; sourceTree = "<group>"; };
		A91D8F60183702EE00BEC6E8 /* droppedTests.xctest */ = {isa = PBXFileReference; explicitFileType = wrapper.cfbundle; includeInIndex = 0; path = droppedTests.xctest; sourceTree = BUILT_PRODUCTS_DIR; };
		A91D8F61183702EE00BEC6E8 /* XCTest.framework */ = {isa = PBXFileReference; lastKnownFileType = wrapper.framework; name = XCTest.framework; path = Library/Frameworks/XCTest.framework; sourceTree = DEVELOPER_DIR; };
		A920405118370467006940B8 /* Security.framework */ = {isa = PBXFileReference; lastKnownFileType = wrapper.framework; name = Security.framework; path = System/Library/Frameworks/Security.framework; sourceTree = SDKROOT; };
		A920405A18370BA0006940B8 /* DRPPosition.h */ = {isa = PBXFileReference; fileEncoding = 4; lastKnownFileType = sourcecode.c.h; name = DRPPosition.h; path = Models/DRPPosition.h; sourceTree = "<group>"; };
		A920405B18370BA0006940B8 /* DRPPosition.m */ = {isa = PBXFileReference; fileEncoding = 4; lastKnownFileType = sourcecode.c.objc; name = DRPPosition.m; path = Models/DRPPosition.m; sourceTree = "<group>"; };
		A93D77C418566A8F006691AE /* DRPPageMatchmakerViewController.h */ = {isa = PBXFileReference; fileEncoding = 4; lastKnownFileType = sourcecode.c.h; name = DRPPageMatchmakerViewController.h; path = ViewControllers/Pages/DRPPageMatchmakerViewController.h; sourceTree = "<group>"; };
		A93D77C518566A8F006691AE /* DRPPageMatchmakerViewController.m */ = {isa = PBXFileReference; fileEncoding = 4; lastKnownFileType = sourcecode.c.objc; name = DRPPageMatchmakerViewController.m; path = ViewControllers/Pages/DRPPageMatchmakerViewController.m; sourceTree = "<group>"; };
		A93D77CA185673EF006691AE /* DRPPageSplashViewController.h */ = {isa = PBXFileReference; fileEncoding = 4; lastKnownFileType = sourcecode.c.h; name = DRPPageSplashViewController.h; path = ViewControllers/Pages/DRPPageSplashViewController.h; sourceTree = "<group>"; };
		A93D77CB185673EF006691AE /* DRPPageSplashViewController.m */ = {isa = PBXFileReference; fileEncoding = 4; lastKnownFileType = sourcecode.c.objc; name = DRPPageSplashViewController.m; path = ViewControllers/Pages/DRPPageSplashViewController.m; sourceTree = "<group>"; };
		A93D77CD18567D4B006691AE /* DRPPageLogInViewController.h */ = {isa = PBXFileReference; fileEncoding = 4; lastKnownFileType = sourcecode.c.h; name = DRPPageLogInViewController.h; path = ViewControllers/Pages/DRPPageLogInViewController.h; sourceTree = "<group>"; };
		A93D77CE18567D4B006691AE /* DRPPageLogInViewController.m */ = {isa = PBXFileReference; fileEncoding = 4; lastKnownFileType = sourcecode.c.objc; name = DRPPageLogInViewController.m; path = ViewControllers/Pages/DRPPageLogInViewController.m; sourceTree = "<group>"; };
		A93D77D01856A1F7006691AE /* DRPGameCenterInterface.h */ = {isa = PBXFileReference; fileEncoding = 4; lastKnownFileType = sourcecode.c.h; path = DRPGameCenterInterface.h; sourceTree = "<group>"; };
		A93D77D11856A1F7006691AE /* DRPGameCenterInterface.m */ = {isa = PBXFileReference; fileEncoding = 4; lastKnownFileType = sourcecode.c.objc; path = DRPGameCenterInterface.m; sourceTree = "<group>"; };
		A93E9F27184AAC3B0047575A /* DRPMainViewController.h */ = {isa = PBXFileReference; fileEncoding = 4; lastKnownFileType = sourcecode.c.h; name = DRPMainViewController.h; path = ViewControllers/DRPMainViewController.h; sourceTree = "<group>"; };
		A93E9F28184AAC3B0047575A /* DRPMainViewController.m */ = {isa = PBXFileReference; fileEncoding = 4; lastKnownFileType = sourcecode.c.objc; name = DRPMainViewController.m; path = ViewControllers/DRPMainViewController.m; sourceTree = "<group>"; };
		A95A2C811847C3AB001AF846 /* GameKit.framework */ = {isa = PBXFileReference; lastKnownFileType = wrapper.framework; name = GameKit.framework; path = System/Library/Frameworks/GameKit.framework; sourceTree = SDKROOT; };
		A95BB48B18372D9C00B7A9A8 /* DRPMatch.h */ = {isa = PBXFileReference; fileEncoding = 4; lastKnownFileType = sourcecode.c.h; name = DRPMatch.h; path = Models/DRPMatch.h; sourceTree = "<group>"; };
		A95BB48C18372D9C00B7A9A8 /* DRPMatch.m */ = {isa = PBXFileReference; fileEncoding = 4; lastKnownFileType = sourcecode.c.objc; name = DRPMatch.m; path = Models/DRPMatch.m; sourceTree = "<group>"; };
		A95BB48E18372DA800B7A9A8 /* DRPBoard.h */ = {isa = PBXFileReference; fileEncoding = 4; lastKnownFileType = sourcecode.c.h; name = DRPBoard.h; path = Models/DRPBoard.h; sourceTree = "<group>"; };
		A95BB48F18372DA800B7A9A8 /* DRPBoard.m */ = {isa = PBXFileReference; fileEncoding = 4; lastKnownFileType = sourcecode.c.objc; name = DRPBoard.m; path = Models/DRPBoard.m; sourceTree = "<group>"; };
		A95BB49218372DA800B7A9A8 /* DRPCharacter.h */ = {isa = PBXFileReference; fileEncoding = 4; lastKnownFileType = sourcecode.c.h; name = DRPCharacter.h; path = Models/DRPCharacter.h; sourceTree = "<group>"; };
		A95BB49318372DA800B7A9A8 /* DRPCharacter.m */ = {isa = PBXFileReference; fileEncoding = 4; lastKnownFileType = sourcecode.c.objc; name = DRPCharacter.m; path = Models/DRPCharacter.m; sourceTree = "<group>"; };
		A95C3219184BDD3200ECC3D4 /* DRPPageDataSource.h */ = {isa = PBXFileReference; fileEncoding = 4; lastKnownFileType = sourcecode.c.h; name = DRPPageDataSource.h; path = ViewControllers/DRPPageDataSource.h; sourceTree = "<group>"; };
		A95C321A184BDD3200ECC3D4 /* DRPPageDataSource.m */ = {isa = PBXFileReference; fileEncoding = 4; lastKnownFileType = sourcecode.c.objc; name = DRPPageDataSource.m; path = ViewControllers/DRPPageDataSource.m; sourceTree = "<group>"; };
		A99D97D118490C8300208FA0 /* DRPPlayer.h */ = {isa = PBXFileReference; fileEncoding = 4; lastKnownFileType = sourcecode.c.h; name = DRPPlayer.h; path = Models/DRPPlayer.h; sourceTree = "<group>"; };
		A99D97D218490C8300208FA0 /* DRPPlayer.m */ = {isa = PBXFileReference; fileEncoding = 4; lastKnownFileType = sourcecode.c.objc; name = DRPPlayer.m; path = Models/DRPPlayer.m; sourceTree = "<group>"; };
		A9A485CF185627B00080A4B5 /* Centrale Sans Light.otf */ = {isa = PBXFileReference; lastKnownFileType = file; name = "Centrale Sans Light.otf"; path = "Fonts/Centrale Sans Light.otf"; sourceTree = "<group>"; };
		A9A485D0185627B00080A4B5 /* Centrale Sans Medium.otf */ = {isa = PBXFileReference; lastKnownFileType = file; name = "Centrale Sans Medium.otf"; path = "Fonts/Centrale Sans Medium.otf"; sourceTree = "<group>"; };
		A9A9D5BD1850ED5F0024E7D4 /* DRPPageListViewController.h */ = {isa = PBXFileReference; fileEncoding = 4; lastKnownFileType = sourcecode.c.h; name = DRPPageListViewController.h; path = ViewControllers/Pages/DRPPageListViewController.h; sourceTree = "<group>"; };
		A9A9D5BE1850ED5F0024E7D4 /* DRPPageListViewController.m */ = {isa = PBXFileReference; fileEncoding = 4; lastKnownFileType = sourcecode.c.objc; name = DRPPageListViewController.m; path = ViewControllers/Pages/DRPPageListViewController.m; sourceTree = "<group>"; };
		A9A9D5BF1850ED5F0024E7D4 /* DRPPageViewController.h */ = {isa = PBXFileReference; fileEncoding = 4; lastKnownFileType = sourcecode.c.h; name = DRPPageViewController.h; path = ViewControllers/Pages/DRPPageViewController.h; sourceTree = "<group>"; };
		A9A9D5C01850ED5F0024E7D4 /* DRPPageViewController.m */ = {isa = PBXFileReference; fileEncoding = 4; lastKnownFileType = sourcecode.c.objc; name = DRPPageViewController.m; path = ViewControllers/Pages/DRPPageViewController.m; sourceTree = "<group>"; };
		A9AC495F18539E44006E1D84 /* animation.plist */ = {isa = PBXFileReference; fileEncoding = 4; lastKnownFileType = text.plist.xml; name = animation.plist; path = Swatches/animation.plist; sourceTree = "<group>"; };
		A9B1C07A184CFCC100866029 /* DRPDropTransition.h */ = {isa = PBXFileReference; fileEncoding = 4; lastKnownFileType = sourcecode.c.h; name = DRPDropTransition.h; path = ViewControllers/Transitions/DRPDropTransition.h; sourceTree = "<group>"; };
		A9B1C07B184CFCC100866029 /* DRPDropTransition.m */ = {isa = PBXFileReference; fileEncoding = 4; lastKnownFileType = sourcecode.c.objc; name = DRPDropTransition.m; path = ViewControllers/Transitions/DRPDropTransition.m; sourceTree = "<group>"; };
		A9B1C080184CFCDE00866029 /* DRPTransition.h */ = {isa = PBXFileReference; fileEncoding = 4; lastKnownFileType = sourcecode.c.h; name = DRPTransition.h; path = ViewControllers/Transitions/DRPTransition.h; sourceTree = "<group>"; };
		A9B1C081184CFCDE00866029 /* DRPTransition.m */ = {isa = PBXFileReference; fileEncoding = 4; lastKnownFileType = sourcecode.c.objc; name = DRPTransition.m; path = ViewControllers/Transitions/DRPTransition.m; sourceTree = "<group>"; };
		A9B1C083184D042100866029 /* DRPLiftTransition.h */ = {isa = PBXFileReference; fileEncoding = 4; lastKnownFileType = sourcecode.c.h; name = DRPLiftTransition.h; path = ViewControllers/Transitions/DRPLiftTransition.h; sourceTree = "<group>"; };
		A9B1C084184D042100866029 /* DRPLiftTransition.m */ = {isa = PBXFileReference; fileEncoding = 4; lastKnownFileType = sourcecode.c.objc; name = DRPLiftTransition.m; path = ViewControllers/Transitions/DRPLiftTransition.m; sourceTree = "<group>"; };
		A9C7BBB018395DFD003F585F /* DRPCharacterHistogram.h */ = {isa = PBXFileReference; fileEncoding = 4; lastKnownFileType = sourcecode.c.h; name = DRPCharacterHistogram.h; path = Models/DRPCharacterHistogram.h; sourceTree = "<group>"; };
		A9C7BBB118395DFD003F585F /* DRPCharacterHistogram.m */ = {isa = PBXFileReference; fileEncoding = 4; lastKnownFileType = sourcecode.c.objc; name = DRPCharacterHistogram.m; path = Models/DRPCharacterHistogram.m; sourceTree = "<group>"; };
		A9D127B51837E0B40048AF25 /* DRPPlayedWord.h */ = {isa = PBXFileReference; fileEncoding = 4; lastKnownFileType = sourcecode.c.h; name = DRPPlayedWord.h; path = Models/DRPPlayedWord.h; sourceTree = "<group>"; };
		A9D127B61837E0B40048AF25 /* DRPPlayedWord.m */ = {isa = PBXFileReference; fileEncoding = 4; lastKnownFileType = sourcecode.c.objc; name = DRPPlayedWord.m; path = Models/DRPPlayedWord.m; sourceTree = "<group>"; };
		B0935A92C9664719B578E480 /* Pods.xcconfig */ = {isa = PBXFileReference; includeInIndex = 1; lastKnownFileType = text.xcconfig; name = Pods.xcconfig; path = Pods/Pods.xcconfig; sourceTree = "<group>"; };
		C024DF7718370AC300B5775B /* DRPDictionary.h */ = {isa = PBXFileReference; fileEncoding = 4; lastKnownFileType = sourcecode.c.h; name = DRPDictionary.h; path = Models/DRPDictionary.h; sourceTree = "<group>"; };
		C024DF7818370AC300B5775B /* DRPDictionary.m */ = {isa = PBXFileReference; fileEncoding = 4; lastKnownFileType = sourcecode.c.objc; name = DRPDictionary.m; path = Models/DRPDictionary.m; sourceTree = "<group>"; };
		C08CBC131837168800CE678F /* Dropped.db */ = {isa = PBXFileReference; lastKnownFileType = file; path = Dropped.db; sourceTree = "<group>"; };
		C08CBC141837168800CE678F /* importdatabase.sh */ = {isa = PBXFileReference; fileEncoding = 4; lastKnownFileType = text.script.sh; path = importdatabase.sh; sourceTree = "<group>"; };
		C08CBC151837168800CE678F /* US.dic */ = {isa = PBXFileReference; fileEncoding = 4; lastKnownFileType = text; path = US.dic; sourceTree = "<group>"; };
		CA523B0D421443AAA174ECE1 /* libPods.a */ = {isa = PBXFileReference; explicitFileType = archive.ar; includeInIndex = 0; path = libPods.a; sourceTree = BUILT_PRODUCTS_DIR; };
/* End PBXFileReference section */

/* Begin PBXFrameworksBuildPhase section */
		A91D8F42183702EE00BEC6E8 /* Frameworks */ = {
			isa = PBXFrameworksBuildPhase;
			buildActionMask = 2147483647;
			files = (
				A920405218370467006940B8 /* Security.framework in Frameworks */,
				A91D8F4B183702EE00BEC6E8 /* CoreGraphics.framework in Frameworks */,
				A91D8F4D183702EE00BEC6E8 /* UIKit.framework in Frameworks */,
				A95A2C821847C3AB001AF846 /* GameKit.framework in Frameworks */,
				A91D8F49183702EE00BEC6E8 /* Foundation.framework in Frameworks */,
				F4E61295ABFC46CDBE1384F1 /* libPods.a in Frameworks */,
			);
			runOnlyForDeploymentPostprocessing = 0;
		};
		A91D8F5D183702EE00BEC6E8 /* Frameworks */ = {
			isa = PBXFrameworksBuildPhase;
			buildActionMask = 2147483647;
			files = (
				A91D8F62183702EE00BEC6E8 /* XCTest.framework in Frameworks */,
				A91D8F64183702EE00BEC6E8 /* UIKit.framework in Frameworks */,
				A91D8F63183702EE00BEC6E8 /* Foundation.framework in Frameworks */,
			);
			runOnlyForDeploymentPostprocessing = 0;
		};
/* End PBXFrameworksBuildPhase section */

/* Begin PBXGroup section */
		A91D8F3C183702EE00BEC6E8 = {
			isa = PBXGroup;
			children = (
				A91D8F4E183702EE00BEC6E8 /* dropped */,
				A91D8F47183702EE00BEC6E8 /* Frameworks */,
				A91D8F46183702EE00BEC6E8 /* Products */,
				B0935A92C9664719B578E480 /* Pods.xcconfig */,
			);
			sourceTree = "<group>";
		};
		A91D8F46183702EE00BEC6E8 /* Products */ = {
			isa = PBXGroup;
			children = (
				A91D8F45183702EE00BEC6E8 /* dropped.app */,
				A91D8F60183702EE00BEC6E8 /* droppedTests.xctest */,
			);
			name = Products;
			sourceTree = "<group>";
		};
		A91D8F47183702EE00BEC6E8 /* Frameworks */ = {
			isa = PBXGroup;
			children = (
				A95A2C811847C3AB001AF846 /* GameKit.framework */,
				A920405118370467006940B8 /* Security.framework */,
				A91D8F48183702EE00BEC6E8 /* Foundation.framework */,
				A91D8F4A183702EE00BEC6E8 /* CoreGraphics.framework */,
				A91D8F4C183702EE00BEC6E8 /* UIKit.framework */,
				A91D8F61183702EE00BEC6E8 /* XCTest.framework */,
				CA523B0D421443AAA174ECE1 /* libPods.a */,
			);
			name = Frameworks;
			sourceTree = "<group>";
		};
		A91D8F4E183702EE00BEC6E8 /* dropped */ = {
			isa = PBXGroup;
			children = (
				A9204053183704AA006940B8 /* AppDelegate */,
				A9204054183704B7006940B8 /* ViewControllers */,
				A9204055183704C1006940B8 /* Views */,
				A9204056183704D7006940B8 /* Models */,
				A91D8F5A183702EE00BEC6E8 /* Images.xcassets */,
				C08CBC121837168800CE678F /* Resources */,
				A91D8F4F183702EE00BEC6E8 /* Supporting Files */,
			);
			path = dropped;
			sourceTree = "<group>";
		};
		A91D8F4F183702EE00BEC6E8 /* Supporting Files */ = {
			isa = PBXGroup;
			children = (
				A91D8F50183702EE00BEC6E8 /* dropped-Info.plist */,
				A91D8F51183702EE00BEC6E8 /* InfoPlist.strings */,
				A91D8F54183702EE00BEC6E8 /* main.m */,
				A91D8F56183702EE00BEC6E8 /* dropped-Prefix.pch */,
			);
			name = "Supporting Files";
			sourceTree = "<group>";
		};
		A9204053183704AA006940B8 /* AppDelegate */ = {
			isa = PBXGroup;
			children = (
				A91D8F57183702EE00BEC6E8 /* DRPAppDelegate.h */,
				A91D8F58183702EE00BEC6E8 /* DRPAppDelegate.m */,
				A93D77D01856A1F7006691AE /* DRPGameCenterInterface.h */,
				A93D77D11856A1F7006691AE /* DRPGameCenterInterface.m */,
			);
			name = AppDelegate;
			sourceTree = "<group>";
		};
		A9204054183704B7006940B8 /* ViewControllers */ = {
			isa = PBXGroup;
			children = (
				A980FD14184BB56A00A7800F /* MainViewController */,
				A9B1C070184CF90000866029 /* Transitions */,
				A980FD15184BB8F700A7800F /* Pages */,
			);
			name = ViewControllers;
			sourceTree = "<group>";
		};
		A9204055183704C1006940B8 /* Views */ = {
			isa = PBXGroup;
			children = (
			);
			name = Views;
			sourceTree = "<group>";
		};
		A9204056183704D7006940B8 /* Models */ = {
			isa = PBXGroup;
			children = (
				A95BB48A18372D8C00B7A9A8 /* Match */,
				A920405D18370BA3006940B8 /* Board */,
				C024DF7718370AC300B5775B /* DRPDictionary.h */,
				C024DF7818370AC300B5775B /* DRPDictionary.m */,
			);
			name = Models;
			sourceTree = "<group>";
		};
		A920405D18370BA3006940B8 /* Board */ = {
			isa = PBXGroup;
			children = (
				A95BB48E18372DA800B7A9A8 /* DRPBoard.h */,
				A95BB48F18372DA800B7A9A8 /* DRPBoard.m */,
				A9C7BBB018395DFD003F585F /* DRPCharacterHistogram.h */,
				A9C7BBB118395DFD003F585F /* DRPCharacterHistogram.m */,
				A920405A18370BA0006940B8 /* DRPPosition.h */,
				A920405B18370BA0006940B8 /* DRPPosition.m */,
				A95BB49218372DA800B7A9A8 /* DRPCharacter.h */,
				A95BB49318372DA800B7A9A8 /* DRPCharacter.m */,
				A9D127B51837E0B40048AF25 /* DRPPlayedWord.h */,
				A9D127B61837E0B40048AF25 /* DRPPlayedWord.m */,
			);
			name = Board;
			sourceTree = "<group>";
		};
		A93D77C7185672E1006691AE /* Startup */ = {
			isa = PBXGroup;
			children = (
				A93D77CA185673EF006691AE /* DRPPageSplashViewController.h */,
				A93D77CB185673EF006691AE /* DRPPageSplashViewController.m */,
				A93D77CD18567D4B006691AE /* DRPPageLogInViewController.h */,
				A93D77CE18567D4B006691AE /* DRPPageLogInViewController.m */,
			);
			name = Startup;
			sourceTree = "<group>";
		};
		A93D77C8185672ED006691AE /* Match */ = {
			isa = PBXGroup;
			children = (
			);
			name = Match;
			sourceTree = "<group>";
		};
		A93D77C91856730C006691AE /* List/MatchMaker */ = {
			isa = PBXGroup;
			children = (
				A9A9D5BD1850ED5F0024E7D4 /* DRPPageListViewController.h */,
				A9A9D5BE1850ED5F0024E7D4 /* DRPPageListViewController.m */,
				A93D77C418566A8F006691AE /* DRPPageMatchmakerViewController.h */,
				A93D77C518566A8F006691AE /* DRPPageMatchmakerViewController.m */,
			);
			name = List/MatchMaker;
			sourceTree = "<group>";
		};
		A95BB48A18372D8C00B7A9A8 /* Match */ = {
			isa = PBXGroup;
			children = (
				A95BB48B18372D9C00B7A9A8 /* DRPMatch.h */,
				A95BB48C18372D9C00B7A9A8 /* DRPMatch.m */,
				A99D97D118490C8300208FA0 /* DRPPlayer.h */,
				A99D97D218490C8300208FA0 /* DRPPlayer.m */,
			);
			name = Match;
			sourceTree = "<group>";
		};
		A980FD14184BB56A00A7800F /* MainViewController */ = {
			isa = PBXGroup;
			children = (
				A93E9F27184AAC3B0047575A /* DRPMainViewController.h */,
				A93E9F28184AAC3B0047575A /* DRPMainViewController.m */,
				A95C3219184BDD3200ECC3D4 /* DRPPageDataSource.h */,
				A95C321A184BDD3200ECC3D4 /* DRPPageDataSource.m */,
				A91C045D185582DC002B6899 /* DRPCueKeeper.h */,
				A91C045E185582DC002B6899 /* DRPCueKeeper.m */,
			);
			name = MainViewController;
			sourceTree = "<group>";
		};
		A980FD15184BB8F700A7800F /* Pages */ = {
			isa = PBXGroup;
			children = (
				A9A9D5BF1850ED5F0024E7D4 /* DRPPageViewController.h */,
				A9A9D5C01850ED5F0024E7D4 /* DRPPageViewController.m */,
				A93D77C7185672E1006691AE /* Startup */,
				A93D77C91856730C006691AE /* List/MatchMaker */,
				A93D77C8185672ED006691AE /* Match */,
			);
			name = Pages;
			sourceTree = "<group>";
		};
		A9A485CE1856279C0080A4B5 /* Fonts */ = {
			isa = PBXGroup;
			children = (
				A9A485CF185627B00080A4B5 /* Centrale Sans Light.otf */,
				A9A485D0185627B00080A4B5 /* Centrale Sans Medium.otf */,
			);
			name = Fonts;
			sourceTree = "<group>";
		};
		A9AC495D18539E0D006E1D84 /* Database */ = {
			isa = PBXGroup;
			children = (
				C08CBC131837168800CE678F /* Dropped.db */,
				C08CBC141837168800CE678F /* importdatabase.sh */,
				C08CBC151837168800CE678F /* US.dic */,
			);
			name = Database;
			sourceTree = "<group>";
		};
		A9AC495E18539E15006E1D84 /* Swatches */ = {
			isa = PBXGroup;
			children = (
				A9AC495F18539E44006E1D84 /* animation.plist */,
				A91C045618557B6A002B6899 /* page.plist */,
			);
			name = Swatches;
			sourceTree = "<group>";
		};
		A9B1C070184CF90000866029 /* Transitions */ = {
			isa = PBXGroup;
			children = (
				A9B1C080184CFCDE00866029 /* DRPTransition.h */,
				A9B1C081184CFCDE00866029 /* DRPTransition.m */,
				A9B1C07A184CFCC100866029 /* DRPDropTransition.h */,
				A9B1C07B184CFCC100866029 /* DRPDropTransition.m */,
				A9B1C083184D042100866029 /* DRPLiftTransition.h */,
				A9B1C084184D042100866029 /* DRPLiftTransition.m */,
			);
			name = Transitions;
			sourceTree = "<group>";
		};
		C08CBC121837168800CE678F /* Resources */ = {
			isa = PBXGroup;
			children = (
				A9AC495D18539E0D006E1D84 /* Database */,
				A9A485CE1856279C0080A4B5 /* Fonts */,
				A9AC495E18539E15006E1D84 /* Swatches */,
			);
			path = Resources;
			sourceTree = "<group>";
		};
/* End PBXGroup section */

/* Begin PBXNativeTarget section */
		A91D8F44183702EE00BEC6E8 /* dropped */ = {
			isa = PBXNativeTarget;
			buildConfigurationList = A91D8F71183702EE00BEC6E8 /* Build configuration list for PBXNativeTarget "dropped" */;
			buildPhases = (
				0DC963B145134C1C87226075 /* Check Pods Manifest.lock */,
				A91D8F41183702EE00BEC6E8 /* Sources */,
				A91D8F42183702EE00BEC6E8 /* Frameworks */,
				A91D8F43183702EE00BEC6E8 /* Resources */,
				8142C07EB6364950BA9598DA /* Copy Pods Resources */,
				C08CBC1918371B1E00CE678F /* CopyFiles */,
				A9AC496118539E8E006E1D84 /* CopyFiles */,
			);
			buildRules = (
			);
			dependencies = (
			);
			name = dropped;
			productName = dropped;
			productReference = A91D8F45183702EE00BEC6E8 /* dropped.app */;
			productType = "com.apple.product-type.application";
		};
		A91D8F5F183702EE00BEC6E8 /* droppedTests */ = {
			isa = PBXNativeTarget;
			buildConfigurationList = A91D8F74183702EE00BEC6E8 /* Build configuration list for PBXNativeTarget "droppedTests" */;
			buildPhases = (
				A91D8F5C183702EE00BEC6E8 /* Sources */,
				A91D8F5D183702EE00BEC6E8 /* Frameworks */,
				A91D8F5E183702EE00BEC6E8 /* Resources */,
			);
			buildRules = (
			);
			dependencies = (
				A91D8F66183702EE00BEC6E8 /* PBXTargetDependency */,
			);
			name = droppedTests;
			productName = droppedTests;
			productReference = A91D8F60183702EE00BEC6E8 /* droppedTests.xctest */;
			productType = "com.apple.product-type.bundle.unit-test";
		};
/* End PBXNativeTarget section */

/* Begin PBXProject section */
		A91D8F3D183702EE00BEC6E8 /* Project object */ = {
			isa = PBXProject;
			attributes = {
				CLASSPREFIX = DRP;
				LastUpgradeCheck = 0500;
				ORGANIZATIONNAME = "Brad Zeis";
				TargetAttributes = {
					A91D8F44183702EE00BEC6E8 = {
						DevelopmentTeam = DSR7B666L4;
						SystemCapabilities = {
							com.apple.GameCenter = {
								enabled = 1;
							};
						};
					};
					A91D8F5F183702EE00BEC6E8 = {
						TestTargetID = A91D8F44183702EE00BEC6E8;
					};
				};
			};
			buildConfigurationList = A91D8F40183702EE00BEC6E8 /* Build configuration list for PBXProject "dropped" */;
			compatibilityVersion = "Xcode 3.2";
			developmentRegion = English;
			hasScannedForEncodings = 0;
			knownRegions = (
				en,
			);
			mainGroup = A91D8F3C183702EE00BEC6E8;
			productRefGroup = A91D8F46183702EE00BEC6E8 /* Products */;
			projectDirPath = "";
			projectRoot = "";
			targets = (
				A91D8F44183702EE00BEC6E8 /* dropped */,
				A91D8F5F183702EE00BEC6E8 /* droppedTests */,
			);
		};
/* End PBXProject section */

/* Begin PBXResourcesBuildPhase section */
		A91D8F43183702EE00BEC6E8 /* Resources */ = {
			isa = PBXResourcesBuildPhase;
			buildActionMask = 2147483647;
			files = (
				A91D8F53183702EE00BEC6E8 /* InfoPlist.strings in Resources */,
				A9A485D1185627B00080A4B5 /* Centrale Sans Light.otf in Resources */,
				A9A485D2185627B00080A4B5 /* Centrale Sans Medium.otf in Resources */,
				C08CBC171837168800CE678F /* importdatabase.sh in Resources */,
				A91D8F5B183702EE00BEC6E8 /* Images.xcassets in Resources */,
			);
			runOnlyForDeploymentPostprocessing = 0;
		};
		A91D8F5E183702EE00BEC6E8 /* Resources */ = {
			isa = PBXResourcesBuildPhase;
			buildActionMask = 2147483647;
			files = (
			);
			runOnlyForDeploymentPostprocessing = 0;
		};
/* End PBXResourcesBuildPhase section */

/* Begin PBXShellScriptBuildPhase section */
		0DC963B145134C1C87226075 /* Check Pods Manifest.lock */ = {
			isa = PBXShellScriptBuildPhase;
			buildActionMask = 2147483647;
			files = (
			);
			inputPaths = (
			);
			name = "Check Pods Manifest.lock";
			outputPaths = (
			);
			runOnlyForDeploymentPostprocessing = 0;
			shellPath = /bin/sh;
			shellScript = "diff \"${PODS_ROOT}/../Podfile.lock\" \"${PODS_ROOT}/Manifest.lock\" > /dev/null\nif [[ $? != 0 ]] ; then\n    cat << EOM\nerror: The sandbox is not in sync with the Podfile.lock. Run 'pod install' or update your CocoaPods installation.\nEOM\n    exit 1\nfi\n";
			showEnvVarsInLog = 0;
		};
		8142C07EB6364950BA9598DA /* Copy Pods Resources */ = {
			isa = PBXShellScriptBuildPhase;
			buildActionMask = 2147483647;
			files = (
			);
			inputPaths = (
			);
			name = "Copy Pods Resources";
			outputPaths = (
			);
			runOnlyForDeploymentPostprocessing = 0;
			shellPath = /bin/sh;
			shellScript = "\"${SRCROOT}/Pods/Pods-resources.sh\"\n";
			showEnvVarsInLog = 0;
		};
/* End PBXShellScriptBuildPhase section */

/* Begin PBXSourcesBuildPhase section */
		A91D8F41183702EE00BEC6E8 /* Sources */ = {
			isa = PBXSourcesBuildPhase;
			buildActionMask = 2147483647;
			files = (
				A95C321B184BDD3200ECC3D4 /* DRPPageDataSource.m in Sources */,
				A9C7BBB218395DFD003F585F /* DRPCharacterHistogram.m in Sources */,
				A91C045F185582DC002B6899 /* DRPCueKeeper.m in Sources */,
				A95BB49618372DA800B7A9A8 /* DRPCharacter.m in Sources */,
				A91D8F55183702EE00BEC6E8 /* main.m in Sources */,
				A95BB49418372DA800B7A9A8 /* DRPBoard.m in Sources */,
				A9D127B71837E0B40048AF25 /* DRPPlayedWord.m in Sources */,
				A93D77D21856A1F7006691AE /* DRPGameCenterInterface.m in Sources */,
				A9B1C07E184CFCC100866029 /* DRPDropTransition.m in Sources */,
				A99D97D318490C8300208FA0 /* DRPPlayer.m in Sources */,
				C024DF7918370AC300B5775B /* DRPDictionary.m in Sources */,
				A91D8F59183702EE00BEC6E8 /* DRPAppDelegate.m in Sources */,
				A93D77CF18567D4B006691AE /* DRPPageLogInViewController.m in Sources */,
				A9B1C082184CFCDE00866029 /* DRPTransition.m in Sources */,
				A93D77CC185673EF006691AE /* DRPPageSplashViewController.m in Sources */,
				A93D77C618566A8F006691AE /* DRPPageMatchmakerViewController.m in Sources */,
				A9B1C085184D042100866029 /* DRPLiftTransition.m in Sources */,
				A9A9D5C21850ED5F0024E7D4 /* DRPPageViewController.m in Sources */,
				A920405C18370BA0006940B8 /* DRPPosition.m in Sources */,
				A93E9F29184AAC3B0047575A /* DRPMainViewController.m in Sources */,
				A9A9D5C11850ED5F0024E7D4 /* DRPPageListViewController.m in Sources */,
				A95BB48D18372D9C00B7A9A8 /* DRPMatch.m in Sources */,
			);
			runOnlyForDeploymentPostprocessing = 0;
		};
		A91D8F5C183702EE00BEC6E8 /* Sources */ = {
			isa = PBXSourcesBuildPhase;
			buildActionMask = 2147483647;
			files = (
			);
			runOnlyForDeploymentPostprocessing = 0;
		};
/* End PBXSourcesBuildPhase section */

/* Begin PBXTargetDependency section */
		A91D8F66183702EE00BEC6E8 /* PBXTargetDependency */ = {
			isa = PBXTargetDependency;
			target = A91D8F44183702EE00BEC6E8 /* dropped */;
			targetProxy = A91D8F65183702EE00BEC6E8 /* PBXContainerItemProxy */;
		};
/* End PBXTargetDependency section */

/* Begin PBXVariantGroup section */
		A91D8F51183702EE00BEC6E8 /* InfoPlist.strings */ = {
			isa = PBXVariantGroup;
			children = (
				A91D8F52183702EE00BEC6E8 /* en */,
			);
			name = InfoPlist.strings;
			sourceTree = "<group>";
		};
/* End PBXVariantGroup section */

/* Begin XCBuildConfiguration section */
		A91D8F6F183702EE00BEC6E8 /* Debug */ = {
			isa = XCBuildConfiguration;
			buildSettings = {
				ALWAYS_SEARCH_USER_PATHS = NO;
				ARCHS = "$(ARCHS_STANDARD_INCLUDING_64_BIT)";
				CLANG_CXX_LANGUAGE_STANDARD = "gnu++0x";
				CLANG_CXX_LIBRARY = "libc++";
				CLANG_ENABLE_MODULES = YES;
				CLANG_ENABLE_OBJC_ARC = YES;
				CLANG_WARN_BOOL_CONVERSION = YES;
				CLANG_WARN_CONSTANT_CONVERSION = YES;
				CLANG_WARN_DIRECT_OBJC_ISA_USAGE = YES_ERROR;
				CLANG_WARN_EMPTY_BODY = YES;
				CLANG_WARN_ENUM_CONVERSION = YES;
				CLANG_WARN_INT_CONVERSION = YES;
				CLANG_WARN_OBJC_ROOT_CLASS = YES_ERROR;
				CLANG_WARN__DUPLICATE_METHOD_MATCH = YES;
				"CODE_SIGN_IDENTITY[sdk=iphoneos*]" = "iPhone Developer";
				COPY_PHASE_STRIP = NO;
				GCC_C_LANGUAGE_STANDARD = gnu99;
				GCC_DYNAMIC_NO_PIC = NO;
				GCC_OPTIMIZATION_LEVEL = 0;
				GCC_PREPROCESSOR_DEFINITIONS = (
					"DEBUG=1",
					"$(inherited)",
				);
				GCC_SYMBOLS_PRIVATE_EXTERN = NO;
				GCC_WARN_64_TO_32_BIT_CONVERSION = YES;
				GCC_WARN_ABOUT_RETURN_TYPE = YES_ERROR;
				GCC_WARN_UNDECLARED_SELECTOR = YES;
				GCC_WARN_UNINITIALIZED_AUTOS = YES;
				GCC_WARN_UNUSED_FUNCTION = YES;
				GCC_WARN_UNUSED_VARIABLE = YES;
				IPHONEOS_DEPLOYMENT_TARGET = 7.0;
				ONLY_ACTIVE_ARCH = YES;
				SDKROOT = iphoneos;
				TARGETED_DEVICE_FAMILY = "1,2";
			};
			name = Debug;
		};
		A91D8F70183702EE00BEC6E8 /* Release */ = {
			isa = XCBuildConfiguration;
			buildSettings = {
				ALWAYS_SEARCH_USER_PATHS = NO;
				ARCHS = "$(ARCHS_STANDARD_INCLUDING_64_BIT)";
				CLANG_CXX_LANGUAGE_STANDARD = "gnu++0x";
				CLANG_CXX_LIBRARY = "libc++";
				CLANG_ENABLE_MODULES = YES;
				CLANG_ENABLE_OBJC_ARC = YES;
				CLANG_WARN_BOOL_CONVERSION = YES;
				CLANG_WARN_CONSTANT_CONVERSION = YES;
				CLANG_WARN_DIRECT_OBJC_ISA_USAGE = YES_ERROR;
				CLANG_WARN_EMPTY_BODY = YES;
				CLANG_WARN_ENUM_CONVERSION = YES;
				CLANG_WARN_INT_CONVERSION = YES;
				CLANG_WARN_OBJC_ROOT_CLASS = YES_ERROR;
				CLANG_WARN__DUPLICATE_METHOD_MATCH = YES;
				"CODE_SIGN_IDENTITY[sdk=iphoneos*]" = "iPhone Developer";
				COPY_PHASE_STRIP = YES;
				ENABLE_NS_ASSERTIONS = NO;
				GCC_C_LANGUAGE_STANDARD = gnu99;
				GCC_WARN_64_TO_32_BIT_CONVERSION = YES;
				GCC_WARN_ABOUT_RETURN_TYPE = YES_ERROR;
				GCC_WARN_UNDECLARED_SELECTOR = YES;
				GCC_WARN_UNINITIALIZED_AUTOS = YES;
				GCC_WARN_UNUSED_FUNCTION = YES;
				GCC_WARN_UNUSED_VARIABLE = YES;
				IPHONEOS_DEPLOYMENT_TARGET = 7.0;
				SDKROOT = iphoneos;
				TARGETED_DEVICE_FAMILY = "1,2";
				VALIDATE_PRODUCT = YES;
			};
			name = Release;
		};
		A91D8F72183702EE00BEC6E8 /* Debug */ = {
			isa = XCBuildConfiguration;
			baseConfigurationReference = B0935A92C9664719B578E480 /* Pods.xcconfig */;
			buildSettings = {
				ASSETCATALOG_COMPILER_APPICON_NAME = AppIcon;
				ASSETCATALOG_COMPILER_LAUNCHIMAGE_NAME = LaunchImage;
				CODE_SIGN_IDENTITY = "iPhone Developer";
				"CODE_SIGN_IDENTITY[sdk=iphoneos*]" = "iPhone Developer";
				GCC_PRECOMPILE_PREFIX_HEADER = YES;
				GCC_PREFIX_HEADER = "dropped/dropped-Prefix.pch";
				INFOPLIST_FILE = "dropped/dropped-Info.plist";
				PRODUCT_NAME = "$(TARGET_NAME)";
				PROVISIONING_PROFILE = "";
				WRAPPER_EXTENSION = app;
			};
			name = Debug;
		};
		A91D8F73183702EE00BEC6E8 /* Release */ = {
			isa = XCBuildConfiguration;
			baseConfigurationReference = B0935A92C9664719B578E480 /* Pods.xcconfig */;
			buildSettings = {
				ASSETCATALOG_COMPILER_APPICON_NAME = AppIcon;
				ASSETCATALOG_COMPILER_LAUNCHIMAGE_NAME = LaunchImage;
				CODE_SIGN_IDENTITY = "iPhone Developer";
				"CODE_SIGN_IDENTITY[sdk=iphoneos*]" = "iPhone Developer";
				GCC_PRECOMPILE_PREFIX_HEADER = YES;
				GCC_PREFIX_HEADER = "dropped/dropped-Prefix.pch";
				INFOPLIST_FILE = "dropped/dropped-Info.plist";
				PRODUCT_NAME = "$(TARGET_NAME)";
				PROVISIONING_PROFILE = "";
				WRAPPER_EXTENSION = app;
			};
			name = Release;
		};
		A91D8F75183702EE00BEC6E8 /* Debug */ = {
			isa = XCBuildConfiguration;
			buildSettings = {
				ARCHS = "$(ARCHS_STANDARD_INCLUDING_64_BIT)";
				BUNDLE_LOADER = "$(BUILT_PRODUCTS_DIR)/dropped.app/dropped";
				FRAMEWORK_SEARCH_PATHS = (
					"$(SDKROOT)/Developer/Library/Frameworks",
					"$(inherited)",
					"$(DEVELOPER_FRAMEWORKS_DIR)",
				);
				GCC_PRECOMPILE_PREFIX_HEADER = YES;
				GCC_PREFIX_HEADER = "dropped/dropped-Prefix.pch";
				GCC_PREPROCESSOR_DEFINITIONS = (
					"DEBUG=1",
					"$(inherited)",
				);
				INFOPLIST_FILE = "droppedTests/droppedTests-Info.plist";
				PRODUCT_NAME = "$(TARGET_NAME)";
				TEST_HOST = "$(BUNDLE_LOADER)";
				WRAPPER_EXTENSION = xctest;
			};
			name = Debug;
		};
		A91D8F76183702EE00BEC6E8 /* Release */ = {
			isa = XCBuildConfiguration;
			buildSettings = {
				ARCHS = "$(ARCHS_STANDARD_INCLUDING_64_BIT)";
				BUNDLE_LOADER = "$(BUILT_PRODUCTS_DIR)/dropped.app/dropped";
				FRAMEWORK_SEARCH_PATHS = (
					"$(SDKROOT)/Developer/Library/Frameworks",
					"$(inherited)",
					"$(DEVELOPER_FRAMEWORKS_DIR)",
				);
				GCC_PRECOMPILE_PREFIX_HEADER = YES;
				GCC_PREFIX_HEADER = "dropped/dropped-Prefix.pch";
				INFOPLIST_FILE = "droppedTests/droppedTests-Info.plist";
				PRODUCT_NAME = "$(TARGET_NAME)";
				TEST_HOST = "$(BUNDLE_LOADER)";
				WRAPPER_EXTENSION = xctest;
			};
			name = Release;
		};
/* End XCBuildConfiguration section */

/* Begin XCConfigurationList section */
		A91D8F40183702EE00BEC6E8 /* Build configuration list for PBXProject "dropped" */ = {
			isa = XCConfigurationList;
			buildConfigurations = (
				A91D8F6F183702EE00BEC6E8 /* Debug */,
				A91D8F70183702EE00BEC6E8 /* Release */,
			);
			defaultConfigurationIsVisible = 0;
			defaultConfigurationName = Release;
		};
		A91D8F71183702EE00BEC6E8 /* Build configuration list for PBXNativeTarget "dropped" */ = {
			isa = XCConfigurationList;
			buildConfigurations = (
				A91D8F72183702EE00BEC6E8 /* Debug */,
				A91D8F73183702EE00BEC6E8 /* Release */,
			);
			defaultConfigurationIsVisible = 0;
			defaultConfigurationName = Release;
		};
		A91D8F74183702EE00BEC6E8 /* Build configuration list for PBXNativeTarget "droppedTests" */ = {
			isa = XCConfigurationList;
			buildConfigurations = (
				A91D8F75183702EE00BEC6E8 /* Debug */,
				A91D8F76183702EE00BEC6E8 /* Release */,
			);
			defaultConfigurationIsVisible = 0;
			defaultConfigurationName = Release;
		};
/* End XCConfigurationList section */
	};
	rootObject = A91D8F3D183702EE00BEC6E8 /* Project object */;
}
